{
  "object": {
    "pins": [
      {
        "package": "CCurl",
        "repositoryURL": "https://github.com/zmeyc/CCurl.git",
        "state": {
          "branch": null,
          "revision": "7ef27019d4b8b7b198e2b898480216c1e66ac2e6",
          "version": "0.0.2"
        }
      },
      {
        "package": "ScannerUtils",
        "repositoryURL": "https://github.com/smud/ScannerUtils.git",
        "state": {
          "branch": null,
          "revision": "26015cb4fb0c4d2021d9d428dade45d7a15d1800",
          "version": "1.0.6"
        }
      },
      {
        "package": "SwiftyJSON",
        "repositoryURL": "https://github.com/IBM-Swift/SwiftyJSON.git",
        "state": {
          "branch": null,
          "revision": "7d78e6a9907a5ab23e3f8d4d4ce3e2101abeec9d",
          "version": "15.0.6"
        }
      }
    ]
  },
  "version": 1
}
