// !$*UTF8*$!
{
	archiveVersion = 1;
	classes = {
	};
	objectVersion = 46;
	objects = {

/* Begin PBXBuildFile section */
		CEDDA4B91B584D220030F5A4 /* main.swift in Sources */ = {isa = PBXBuildFile; fileRef = CEDDA4B81B584D220030F5A4 /* main.swift */; };
		CEEB5C0F1B642BBE000F7374 /* TelegramBot.swift in Sources */ = {isa = PBXBuildFile; fileRef = CEEB5C0E1B642BBE000F7374 /* TelegramBot.swift */; };
/* End PBXBuildFile section */

/* Begin PBXContainerItemProxy section */
		CEEF5D3B1B6AE102004D2881 /* PBXContainerItemProxy */ = {
			isa = PBXContainerItemProxy;
			containerPortal = CEEF5D361B6AE102004D2881 /* TelegramBot.xcodeproj */;
			proxyType = 2;
			remoteGlobalIDString = CE3B38221B584B3F00090037;
			remoteInfo = TelegramBot;
		};
		CEEF5D3D1B6AE102004D2881 /* PBXContainerItemProxy */ = {
			isa = PBXContainerItemProxy;
			containerPortal = CEEF5D361B6AE102004D2881 /* TelegramBot.xcodeproj */;
			proxyType = 2;
			remoteGlobalIDString = CE3B382C1B584B4000090037;
			remoteInfo = TelegramBotTests;
		};
		CEEF5D3F1B6AE119004D2881 /* PBXContainerItemProxy */ = {
			isa = PBXContainerItemProxy;
			containerPortal = CEEF5D361B6AE102004D2881 /* TelegramBot.xcodeproj */;
			proxyType = 1;
			remoteGlobalIDString = CE3B38211B584B3F00090037;
			remoteInfo = TelegramBot;
		};
/* End PBXContainerItemProxy section */

/* Begin PBXCopyFilesBuildPhase section */
		CEDDA4B31B584D220030F5A4 /* CopyFiles */ = {
			isa = PBXCopyFilesBuildPhase;
			buildActionMask = 2147483647;
			dstPath = /usr/share/man/man1/;
			dstSubfolderSpec = 0;
			files = (
			);
			runOnlyForDeploymentPostprocessing = 1;
		};
/* End PBXCopyFilesBuildPhase section */

/* Begin PBXFileReference section */
		CEDDA4B51B584D220030F5A4 /* Example */ = {isa = PBXFileReference; explicitFileType = "compiled.mach-o.executable"; includeInIndex = 0; path = Example; sourceTree = BUILT_PRODUCTS_DIR; };
		CEDDA4B81B584D220030F5A4 /* main.swift */ = {isa = PBXFileReference; lastKnownFileType = sourcecode.swift; path = main.swift; sourceTree = "<group>"; };
		CEEB5C0E1B642BBE000F7374 /* TelegramBot.swift */ = {isa = PBXFileReference; fileEncoding = 4; lastKnownFileType = sourcecode.swift; path = TelegramBot.swift; sourceTree = SOURCE_ROOT; };
		CEEF5D361B6AE102004D2881 /* TelegramBot.xcodeproj */ = {isa = PBXFileReference; lastKnownFileType = "wrapper.pb-project"; path = TelegramBot.xcodeproj; sourceTree = "<group>"; };
/* End PBXFileReference section */

/* Begin PBXFrameworksBuildPhase section */
		CEDDA4B21B584D220030F5A4 /* Frameworks */ = {
			isa = PBXFrameworksBuildPhase;
			buildActionMask = 2147483647;
			files = (
			);
			runOnlyForDeploymentPostprocessing = 0;
		};
/* End PBXFrameworksBuildPhase section */

/* Begin PBXGroup section */
		CEDDA4AC1B584D220030F5A4 = {
			isa = PBXGroup;
			children = (
				CEEF5D361B6AE102004D2881 /* TelegramBot.xcodeproj */,
				CEDDA4B71B584D220030F5A4 /* Example */,
				CEDDA4B61B584D220030F5A4 /* Products */,
			);
			sourceTree = "<group>";
		};
		CEDDA4B61B584D220030F5A4 /* Products */ = {
			isa = PBXGroup;
			children = (
				CEDDA4B51B584D220030F5A4 /* Example */,
			);
			name = Products;
			sourceTree = "<group>";
		};
		CEDDA4B71B584D220030F5A4 /* Example */ = {
			isa = PBXGroup;
			children = (
				CEEB5C0E1B642BBE000F7374 /* TelegramBot.swift */,
				CEDDA4B81B584D220030F5A4 /* main.swift */,
			);
			path = Example;
			sourceTree = "<group>";
		};
		CEEF5D371B6AE102004D2881 /* Products */ = {
			isa = PBXGroup;
			children = (
				CEEF5D3C1B6AE102004D2881 /* TelegramBot.framework */,
				CEEF5D3E1B6AE102004D2881 /* TelegramBotTests.xctest */,
			);
			name = Products;
			sourceTree = "<group>";
		};
/* End PBXGroup section */

/* Begin PBXNativeTarget section */
		CEDDA4B41B584D220030F5A4 /* Example */ = {
			isa = PBXNativeTarget;
			buildConfigurationList = CEDDA4BC1B584D220030F5A4 /* Build configuration list for PBXNativeTarget "Example" */;
			buildPhases = (
				CEDDA4B11B584D220030F5A4 /* Sources */,
				CEDDA4B21B584D220030F5A4 /* Frameworks */,
				CEDDA4B31B584D220030F5A4 /* CopyFiles */,
			);
			buildRules = (
			);
			dependencies = (
				CEEF5D401B6AE119004D2881 /* PBXTargetDependency */,
			);
			name = Example;
			productName = Example;
			productReference = CEDDA4B51B584D220030F5A4 /* Example */;
			productType = "com.apple.product-type.tool";
		};
/* End PBXNativeTarget section */

/* Begin PBXProject section */
		CEDDA4AD1B584D220030F5A4 /* Project object */ = {
			isa = PBXProject;
			attributes = {
				LastSwiftUpdateCheck = 0700;
				LastUpgradeCheck = 0700;
				ORGANIZATIONNAME = "Andrey Fidrya";
				TargetAttributes = {
					CEDDA4B41B584D220030F5A4 = {
						CreatedOnToolsVersion = 7.0;
					};
				};
			};
			buildConfigurationList = CEDDA4B01B584D220030F5A4 /* Build configuration list for PBXProject "Example" */;
			compatibilityVersion = "Xcode 3.2";
			developmentRegion = English;
			hasScannedForEncodings = 0;
			knownRegions = (
				en,
			);
			mainGroup = CEDDA4AC1B584D220030F5A4;
			productRefGroup = CEDDA4B61B584D220030F5A4 /* Products */;
			projectDirPath = "";
			projectReferences = (
				{
					ProductGroup = CEEF5D371B6AE102004D2881 /* Products */;
					ProjectRef = CEEF5D361B6AE102004D2881 /* TelegramBot.xcodeproj */;
				},
			);
			projectRoot = "";
			targets = (
				CEDDA4B41B584D220030F5A4 /* Example */,
			);
		};
/* End PBXProject section */

/* Begin PBXReferenceProxy section */
		CEEF5D3C1B6AE102004D2881 /* TelegramBot.framework */ = {
			isa = PBXReferenceProxy;
			fileType = wrapper.framework;
			path = TelegramBot.framework;
			remoteRef = CEEF5D3B1B6AE102004D2881 /* PBXContainerItemProxy */;
			sourceTree = BUILT_PRODUCTS_DIR;
		};
		CEEF5D3E1B6AE102004D2881 /* TelegramBotTests.xctest */ = {
			isa = PBXReferenceProxy;
			fileType = wrapper.cfbundle;
			path = TelegramBotTests.xctest;
			remoteRef = CEEF5D3D1B6AE102004D2881 /* PBXContainerItemProxy */;
			sourceTree = BUILT_PRODUCTS_DIR;
		};
/* End PBXReferenceProxy section */

/* Begin PBXSourcesBuildPhase section */
		CEDDA4B11B584D220030F5A4 /* Sources */ = {
			isa = PBXSourcesBuildPhase;
			buildActionMask = 2147483647;
			files = (
				CEEB5C0F1B642BBE000F7374 /* TelegramBot.swift in Sources */,
				CEDDA4B91B584D220030F5A4 /* main.swift in Sources */,
			);
			runOnlyForDeploymentPostprocessing = 0;
		};
/* End PBXSourcesBuildPhase section */

/* Begin PBXTargetDependency section */
		CEEF5D401B6AE119004D2881 /* PBXTargetDependency */ = {
			isa = PBXTargetDependency;
			name = TelegramBot;
			targetProxy = CEEF5D3F1B6AE119004D2881 /* PBXContainerItemProxy */;
		};
/* End PBXTargetDependency section */

/* Begin XCBuildConfiguration section */
		CEDDA4BA1B584D220030F5A4 /* Debug */ = {
			isa = XCBuildConfiguration;
			buildSettings = {
				ALWAYS_SEARCH_USER_PATHS = NO;
				CLANG_CXX_LANGUAGE_STANDARD = "gnu++0x";
				CLANG_CXX_LIBRARY = "libc++";
				CLANG_ENABLE_MODULES = YES;
				CLANG_ENABLE_OBJC_ARC = YES;
				CLANG_WARN_BOOL_CONVERSION = YES;
				CLANG_WARN_CONSTANT_CONVERSION = YES;
				CLANG_WARN_DIRECT_OBJC_ISA_USAGE = YES_ERROR;
				CLANG_WARN_EMPTY_BODY = YES;
				CLANG_WARN_ENUM_CONVERSION = YES;
				CLANG_WARN_INT_CONVERSION = YES;
				CLANG_WARN_OBJC_ROOT_CLASS = YES_ERROR;
				CLANG_WARN_UNREACHABLE_CODE = YES;
				CLANG_WARN__DUPLICATE_METHOD_MATCH = YES;
				COPY_PHASE_STRIP = NO;
				DEBUG_INFORMATION_FORMAT = dwarf;
				ENABLE_STRICT_OBJC_MSGSEND = YES;
				ENABLE_TESTABILITY = YES;
				GCC_C_LANGUAGE_STANDARD = gnu99;
				GCC_DYNAMIC_NO_PIC = NO;
				GCC_NO_COMMON_BLOCKS = YES;
				GCC_OPTIMIZATION_LEVEL = 0;
				GCC_PREPROCESSOR_DEFINITIONS = (
					"DEBUG=1",
					"$(inherited)",
				);
				GCC_WARN_64_TO_32_BIT_CONVERSION = YES;
				GCC_WARN_ABOUT_RETURN_TYPE = YES_ERROR;
				GCC_WARN_UNDECLARED_SELECTOR = YES;
				GCC_WARN_UNINITIALIZED_AUTOS = YES_AGGRESSIVE;
				GCC_WARN_UNUSED_FUNCTION = YES;
				GCC_WARN_UNUSED_VARIABLE = YES;
				MACOSX_DEPLOYMENT_TARGET = 10.10;
				MTL_ENABLE_DEBUG_INFO = YES;
				ONLY_ACTIVE_ARCH = YES;
				SDKROOT = macosx;
				SWIFT_OPTIMIZATION_LEVEL = "-Onone";
			};
			name = Debug;
		};
		CEDDA4BB1B584D220030F5A4 /* Release */ = {
			isa = XCBuildConfiguration;
			buildSettings = {
				ALWAYS_SEARCH_USER_PATHS = NO;
				CLANG_CXX_LANGUAGE_STANDARD = "gnu++0x";
				CLANG_CXX_LIBRARY = "libc++";
				CLANG_ENABLE_MODULES = YES;
				CLANG_ENABLE_OBJC_ARC = YES;
				CLANG_WARN_BOOL_CONVERSION = YES;
				CLANG_WARN_CONSTANT_CONVERSION = YES;
				CLANG_WARN_DIRECT_OBJC_ISA_USAGE = YES_ERROR;
				CLANG_WARN_EMPTY_BODY = YES;
				CLANG_WARN_ENUM_CONVERSION = YES;
				CLANG_WARN_INT_CONVERSION = YES;
				CLANG_WARN_OBJC_ROOT_CLASS = YES_ERROR;
				CLANG_WARN_UNREACHABLE_CODE = YES;
				CLANG_WARN__DUPLICATE_METHOD_MATCH = YES;
				COPY_PHASE_STRIP = NO;
				DEBUG_INFORMATION_FORMAT = "dwarf-with-dsym";
				ENABLE_NS_ASSERTIONS = NO;
				ENABLE_STRICT_OBJC_MSGSEND = YES;
				GCC_C_LANGUAGE_STANDARD = gnu99;
				GCC_NO_COMMON_BLOCKS = YES;
				GCC_WARN_64_TO_32_BIT_CONVERSION = YES;
				GCC_WARN_ABOUT_RETURN_TYPE = YES_ERROR;
				GCC_WARN_UNDECLARED_SELECTOR = YES;
				GCC_WARN_UNINITIALIZED_AUTOS = YES_AGGRESSIVE;
				GCC_WARN_UNUSED_FUNCTION = YES;
				GCC_WARN_UNUSED_VARIABLE = YES;
				MACOSX_DEPLOYMENT_TARGET = 10.10;
				MTL_ENABLE_DEBUG_INFO = NO;
				SDKROOT = macosx;
			};
			name = Release;
		};
		CEDDA4BD1B584D220030F5A4 /* Debug */ = {
			isa = XCBuildConfiguration;
			buildSettings = {
				PRODUCT_NAME = "$(TARGET_NAME)";
			};
			name = Debug;
		};
		CEDDA4BE1B584D220030F5A4 /* Release */ = {
			isa = XCBuildConfiguration;
			buildSettings = {
				PRODUCT_NAME = "$(TARGET_NAME)";
			};
			name = Release;
		};
/* End XCBuildConfiguration section */

/* Begin XCConfigurationList section */
		CEDDA4B01B584D220030F5A4 /* Build configuration list for PBXProject "Example" */ = {
			isa = XCConfigurationList;
			buildConfigurations = (
				CEDDA4BA1B584D220030F5A4 /* Debug */,
				CEDDA4BB1B584D220030F5A4 /* Release */,
			);
			defaultConfigurationIsVisible = 0;
			defaultConfigurationName = Release;
		};
		CEDDA4BC1B584D220030F5A4 /* Build configuration list for PBXNativeTarget "Example" */ = {
			isa = XCConfigurationList;
			buildConfigurations = (
				CEDDA4BD1B584D220030F5A4 /* Debug */,
				CEDDA4BE1B584D220030F5A4 /* Release */,
			);
			defaultConfigurationIsVisible = 0;
			defaultConfigurationName = Release;
		};
/* End XCConfigurationList section */
	};
	rootObject = CEDDA4AD1B584D220030F5A4 /* Project object */;
}
