{
  "object": {
    "pins": [
      {
        "package": "TelegramBotSDK",
        "repositoryURL": "../../../telegram-bot-swift",
        "state": {
          "branch": null,
          "revision": "9f8cfea4dcce1d984c76e0a6732e3d836cd30671",
          "version": "1.2.7"
        }
      }
    ]
  },
  "version": 1
}
