// !$*UTF8*$!
{
	archiveVersion = 1;
	classes = {
	};
	objectVersion = 46;
	objects = {

/* Begin PBXBuildFile section */
		CE06203E1B616C22008CAFF2 /* TelegramBot+sendMessage.swift in Sources */ = {isa = PBXBuildFile; fileRef = CE06203D1B616C22008CAFF2 /* TelegramBot+sendMessage.swift */; };
		CE0620401B6185D2008CAFF2 /* ReplyMarkup.swift in Sources */ = {isa = PBXBuildFile; fileRef = CE06203F1B6185D2008CAFF2 /* ReplyMarkup.swift */; };
		CE0620421B6186E5008CAFF2 /* ReplyKeyboardMarkup.swift in Sources */ = {isa = PBXBuildFile; fileRef = CE0620411B6186E5008CAFF2 /* ReplyKeyboardMarkup.swift */; };
		CE0620441B6186EF008CAFF2 /* ReplyKeyboardHide.swift in Sources */ = {isa = PBXBuildFile; fileRef = CE0620431B6186EF008CAFF2 /* ReplyKeyboardHide.swift */; };
		CE0620461B6186F9008CAFF2 /* ForceReply.swift in Sources */ = {isa = PBXBuildFile; fileRef = CE0620451B6186F9008CAFF2 /* ForceReply.swift */; };
		CE0ADC181B58582900FCA08C /* SwiftyJSON.framework in Frameworks */ = {isa = PBXBuildFile; fileRef = CE29DB9E1B584F7B00BCA03B /* SwiftyJSON.framework */; };
		CE0ADC1A1B58585500FCA08C /* TelegramBot.swift in Sources */ = {isa = PBXBuildFile; fileRef = CE0ADC191B58585500FCA08C /* TelegramBot.swift */; };
		CE0ADC211B58592300FCA08C /* JSON+Utils.swift in Sources */ = {isa = PBXBuildFile; fileRef = CE0ADC201B58592300FCA08C /* JSON+Utils.swift */; };
		CE29DBA31B58522E00BCA03B /* LICENSE in Resources */ = {isa = PBXBuildFile; fileRef = CE29DBA21B58522E00BCA03B /* LICENSE */; };
		CE29DBA51B58541C00BCA03B /* User.swift in Sources */ = {isa = PBXBuildFile; fileRef = CE29DBA41B58541C00BCA03B /* User.swift */; };
		CE3B38261B584B3F00090037 /* TelegramBot.h in Headers */ = {isa = PBXBuildFile; fileRef = CE3B38251B584B3F00090037 /* TelegramBot.h */; settings = {ATTRIBUTES = (Public, ); }; };
		CE3B382D1B584B4000090037 /* TelegramBot.framework in Frameworks */ = {isa = PBXBuildFile; fileRef = CE3B38221B584B3F00090037 /* TelegramBot.framework */; };
		CE3B38321B584B4000090037 /* TelegramBotTests.swift in Sources */ = {isa = PBXBuildFile; fileRef = CE3B38311B584B4000090037 /* TelegramBotTests.swift */; };
		CE7DE0211B5EE46700188093 /* TelegramBot+getMe.swift in Sources */ = {isa = PBXBuildFile; fileRef = CE7DE0201B5EE46700188093 /* TelegramBot+getMe.swift */; };
		CE7DE0231B5F1F8E00188093 /* TelegramBot+getUpdates.swift in Sources */ = {isa = PBXBuildFile; fileRef = CE7DE0221B5F1F8E00188093 /* TelegramBot+getUpdates.swift */; };
		CE7DE0261B60FD2900188093 /* BlockingServerTests.swift in Sources */ = {isa = PBXBuildFile; fileRef = CE7DE0241B60FCEE00188093 /* BlockingServerTests.swift */; };
		CE7DE02B1B612A8400188093 /* UrlencodeTests.swift in Sources */ = {isa = PBXBuildFile; fileRef = CE7DE0291B612A6900188093 /* UrlencodeTests.swift */; };
		CE7DE02D1B613C7D00188093 /* HTTPUtils.swift in Sources */ = {isa = PBXBuildFile; fileRef = CE7DE02C1B613C7D00188093 /* HTTPUtils.swift */; };
		CEC40C0C1B5B29CD00F2F9D8 /* Response.swift in Sources */ = {isa = PBXBuildFile; fileRef = CEC40C0B1B5B29CD00F2F9D8 /* Response.swift */; };
		CEC40C131B5B346600F2F9D8 /* Optional+Unwrap.swift in Sources */ = {isa = PBXBuildFile; fileRef = CEC40C121B5B346600F2F9D8 /* Optional+Unwrap.swift */; };
		CEC40C151B5BC22B00F2F9D8 /* DataTaskError.swift in Sources */ = {isa = PBXBuildFile; fileRef = CEC40C141B5BC22B00F2F9D8 /* DataTaskError.swift */; };
		CED9FDCC1B6374D000AA44E2 /* NSScanner+Swift.swift in Sources */ = {isa = PBXBuildFile; fileRef = CED9FDCB1B6374D000AA44E2 /* NSScanner+Swift.swift */; };
		CED9FDCE1B63B4EF00AA44E2 /* String+Indent.swift in Sources */ = {isa = PBXBuildFile; fileRef = CED9FDCD1B63B4EF00AA44E2 /* String+Indent.swift */; };
		CED9FDD01B63C37900AA44E2 /* String+Trim.swift in Sources */ = {isa = PBXBuildFile; fileRef = CED9FDCF1B63C37900AA44E2 /* String+Trim.swift */; };
		CEDC4A4E1B5C41200037545E /* TaskAssociatedData.swift in Sources */ = {isa = PBXBuildFile; fileRef = CEDC4A4D1B5C41200037545E /* TaskAssociatedData.swift */; };
		CEDC4A501B5C415B0037545E /* NSURLSessionDataTask+AssociatedData.swift in Sources */ = {isa = PBXBuildFile; fileRef = CEDC4A4F1B5C415B0037545E /* NSURLSessionDataTask+AssociatedData.swift */; };
		CEDFBF201B5861D600E8928E /* GroupChat.swift in Sources */ = {isa = PBXBuildFile; fileRef = CEDFBF1F1B5861D600E8928E /* GroupChat.swift */; };
		CEDFBF251B5862F700E8928E /* PhotoSize.swift in Sources */ = {isa = PBXBuildFile; fileRef = CEDFBF241B5862F700E8928E /* PhotoSize.swift */; };
		CEDFBF271B5864D700E8928E /* Audio.swift in Sources */ = {isa = PBXBuildFile; fileRef = CEDFBF261B5864D700E8928E /* Audio.swift */; };
		CEDFBF291B58676100E8928E /* UserOrGroupChat.swift in Sources */ = {isa = PBXBuildFile; fileRef = CEDFBF281B58676100E8928E /* UserOrGroupChat.swift */; };
		CEDFBF2B1B58681300E8928E /* Document.swift in Sources */ = {isa = PBXBuildFile; fileRef = CEDFBF2A1B58681300E8928E /* Document.swift */; };
		CEDFBF2D1B586DC500E8928E /* Sticker.swift in Sources */ = {isa = PBXBuildFile; fileRef = CEDFBF2C1B586DC500E8928E /* Sticker.swift */; };
		CEDFBF2F1B586F7B00E8928E /* Video.swift in Sources */ = {isa = PBXBuildFile; fileRef = CEDFBF2E1B586F7B00E8928E /* Video.swift */; };
		CEDFBF311B58709100E8928E /* Contact.swift in Sources */ = {isa = PBXBuildFile; fileRef = CEDFBF301B58709100E8928E /* Contact.swift */; };
		CEDFBF331B58717A00E8928E /* Location.swift in Sources */ = {isa = PBXBuildFile; fileRef = CEDFBF321B58717A00E8928E /* Location.swift */; };
		CEDFBF351B58727600E8928E /* Message.swift in Sources */ = {isa = PBXBuildFile; fileRef = CEDFBF341B58727600E8928E /* Message.swift */; };
		CEDFBF371B587B6000E8928E /* Update.swift in Sources */ = {isa = PBXBuildFile; fileRef = CEDFBF361B587B6000E8928E /* Update.swift */; };
		CEDFBF391B58F30700E8928E /* String+HTTP.swift in Sources */ = {isa = PBXBuildFile; fileRef = CEDFBF381B58F30700E8928E /* String+HTTP.swift */; };
		CEEF5D241B6AD0BE004D2881 /* Parameter.swift in Sources */ = {isa = PBXBuildFile; fileRef = CEEF5D231B6AD0BE004D2881 /* Parameter.swift */; };
		CEEF5D2B1B6AD1C4004D2881 /* String+Parameter.swift in Sources */ = {isa = PBXBuildFile; fileRef = CEEF5D2A1B6AD1C4004D2881 /* String+Parameter.swift */; };
		CEEF5D2D1B6AD1D9004D2881 /* Word.swift in Sources */ = {isa = PBXBuildFile; fileRef = CEEF5D2C1B6AD1D9004D2881 /* Word.swift */; };
		CEEF5D2F1B6AD1F7004D2881 /* RestOfString.swift in Sources */ = {isa = PBXBuildFile; fileRef = CEEF5D2E1B6AD1F7004D2881 /* RestOfString.swift */; };
		CEEF5D311B6AD233004D2881 /* Arguments.swift in Sources */ = {isa = PBXBuildFile; fileRef = CEEF5D301B6AD233004D2881 /* Arguments.swift */; };
		CEEF5D331B6AD2D0004D2881 /* Path.swift in Sources */ = {isa = PBXBuildFile; fileRef = CEEF5D321B6AD2D0004D2881 /* Path.swift */; };
		CEEF5D351B6AD2EC004D2881 /* Router.swift in Sources */ = {isa = PBXBuildFile; fileRef = CEEF5D341B6AD2EC004D2881 /* Router.swift */; };
		CEEF5D431B6BD173004D2881 /* BotName.swift in Sources */ = {isa = PBXBuildFile; fileRef = CEEF5D421B6BD173004D2881 /* BotName.swift */; };
		CEEF5D471B6C3F4C004D2881 /* String+ExtractBotCommand.swift in Sources */ = {isa = PBXBuildFile; fileRef = CEEF5D461B6C3F4C004D2881 /* String+ExtractBotCommand.swift */; };
		CEEF5D491B6D0166004D2881 /* Argument.swift in Sources */ = {isa = PBXBuildFile; fileRef = CEEF5D481B6D0166004D2881 /* Argument.swift */; };
		CEEF5D4B1B6D62C0004D2881 /* Command.swift in Sources */ = {isa = PBXBuildFile; fileRef = CEEF5D4A1B6D62C0004D2881 /* Command.swift */; };
		CEEF5D4D1B6D8E15004D2881 /* TelegramBot+Utils.swift in Sources */ = {isa = PBXBuildFile; fileRef = CEEF5D4C1B6D8E15004D2881 /* TelegramBot+Utils.swift */; };
/* End PBXBuildFile section */

/* Begin PBXContainerItemProxy section */
		CE29DB991B584F7B00BCA03B /* PBXContainerItemProxy */ = {
			isa = PBXContainerItemProxy;
			containerPortal = CE29DB921B584F7B00BCA03B /* SwiftyJSON.xcodeproj */;
			proxyType = 2;
			remoteGlobalIDString = 2E4FEFDB19575BE100351305;
			remoteInfo = "SwiftyJSON iOS";
		};
		CE29DB9B1B584F7B00BCA03B /* PBXContainerItemProxy */ = {
			isa = PBXContainerItemProxy;
			containerPortal = CE29DB921B584F7B00BCA03B /* SwiftyJSON.xcodeproj */;
			proxyType = 2;
			remoteGlobalIDString = 2E4FEFE619575BE100351305;
			remoteInfo = "SwiftyJSON iOS Tests";
		};
		CE29DB9D1B584F7B00BCA03B /* PBXContainerItemProxy */ = {
			isa = PBXContainerItemProxy;
			containerPortal = CE29DB921B584F7B00BCA03B /* SwiftyJSON.xcodeproj */;
			proxyType = 2;
			remoteGlobalIDString = 9C7DFC5B1A9102BD005AA3F7;
			remoteInfo = "SwiftyJSON OSX";
		};
		CE29DB9F1B584F7B00BCA03B /* PBXContainerItemProxy */ = {
			isa = PBXContainerItemProxy;
			containerPortal = CE29DB921B584F7B00BCA03B /* SwiftyJSON.xcodeproj */;
			proxyType = 2;
			remoteGlobalIDString = 9C7DFC651A9102BD005AA3F7;
			remoteInfo = "SwiftyJSON OSX Tests";
		};
		CE29DBA71B58563C00BCA03B /* PBXContainerItemProxy */ = {
			isa = PBXContainerItemProxy;
			containerPortal = CE29DB921B584F7B00BCA03B /* SwiftyJSON.xcodeproj */;
			proxyType = 1;
			remoteGlobalIDString = 9C7DFC5A1A9102BD005AA3F7;
			remoteInfo = "SwiftyJSON OSX";
		};
		CE3B382E1B584B4000090037 /* PBXContainerItemProxy */ = {
			isa = PBXContainerItemProxy;
			containerPortal = CE3B38191B584B3F00090037 /* Project object */;
			proxyType = 1;
			remoteGlobalIDString = CE3B38211B584B3F00090037;
			remoteInfo = TelegramBot;
		};
/* End PBXContainerItemProxy section */

/* Begin PBXFileReference section */
		CE06203D1B616C22008CAFF2 /* TelegramBot+sendMessage.swift */ = {isa = PBXFileReference; fileEncoding = 4; lastKnownFileType = sourcecode.swift; name = "TelegramBot+sendMessage.swift"; path = "Requests/TelegramBot+sendMessage.swift"; sourceTree = "<group>"; };
		CE06203F1B6185D2008CAFF2 /* ReplyMarkup.swift */ = {isa = PBXFileReference; fileEncoding = 4; lastKnownFileType = sourcecode.swift; name = ReplyMarkup.swift; path = Types/ReplyMarkup.swift; sourceTree = "<group>"; };
		CE0620411B6186E5008CAFF2 /* ReplyKeyboardMarkup.swift */ = {isa = PBXFileReference; fileEncoding = 4; lastKnownFileType = sourcecode.swift; name = ReplyKeyboardMarkup.swift; path = Types/ReplyKeyboardMarkup.swift; sourceTree = "<group>"; };
		CE0620431B6186EF008CAFF2 /* ReplyKeyboardHide.swift */ = {isa = PBXFileReference; fileEncoding = 4; lastKnownFileType = sourcecode.swift; path = ReplyKeyboardHide.swift; sourceTree = "<group>"; };
		CE0620451B6186F9008CAFF2 /* ForceReply.swift */ = {isa = PBXFileReference; fileEncoding = 4; lastKnownFileType = sourcecode.swift; path = ForceReply.swift; sourceTree = "<group>"; };
		CE0ADC191B58585500FCA08C /* TelegramBot.swift */ = {isa = PBXFileReference; fileEncoding = 4; lastKnownFileType = sourcecode.swift; path = TelegramBot.swift; sourceTree = "<group>"; };
		CE0ADC201B58592300FCA08C /* JSON+Utils.swift */ = {isa = PBXFileReference; fileEncoding = 4; lastKnownFileType = sourcecode.swift; path = "JSON+Utils.swift"; sourceTree = "<group>"; };
		CE29DB921B584F7B00BCA03B /* SwiftyJSON.xcodeproj */ = {isa = PBXFileReference; lastKnownFileType = "wrapper.pb-project"; name = SwiftyJSON.xcodeproj; path = ThirdParty/SwiftyJSON/SwiftyJSON.xcodeproj; sourceTree = "<group>"; };
		CE29DBA21B58522E00BCA03B /* LICENSE */ = {isa = PBXFileReference; fileEncoding = 4; lastKnownFileType = text; path = LICENSE; sourceTree = SOURCE_ROOT; };
		CE29DBA41B58541C00BCA03B /* User.swift */ = {isa = PBXFileReference; fileEncoding = 4; lastKnownFileType = sourcecode.swift; name = User.swift; path = Types/User.swift; sourceTree = "<group>"; };
		CE3B38221B584B3F00090037 /* TelegramBot.framework */ = {isa = PBXFileReference; explicitFileType = wrapper.framework; includeInIndex = 0; path = TelegramBot.framework; sourceTree = BUILT_PRODUCTS_DIR; };
		CE3B38251B584B3F00090037 /* TelegramBot.h */ = {isa = PBXFileReference; lastKnownFileType = sourcecode.c.h; path = TelegramBot.h; sourceTree = "<group>"; };
		CE3B38271B584B3F00090037 /* Info.plist */ = {isa = PBXFileReference; lastKnownFileType = text.plist.xml; path = Info.plist; sourceTree = "<group>"; };
		CE3B382C1B584B4000090037 /* TelegramBotTests.xctest */ = {isa = PBXFileReference; explicitFileType = wrapper.cfbundle; includeInIndex = 0; path = TelegramBotTests.xctest; sourceTree = BUILT_PRODUCTS_DIR; };
		CE3B38311B584B4000090037 /* TelegramBotTests.swift */ = {isa = PBXFileReference; lastKnownFileType = sourcecode.swift; path = TelegramBotTests.swift; sourceTree = "<group>"; };
		CE3B38331B584B4000090037 /* Info.plist */ = {isa = PBXFileReference; lastKnownFileType = text.plist.xml; path = Info.plist; sourceTree = "<group>"; };
		CE7DE0201B5EE46700188093 /* TelegramBot+getMe.swift */ = {isa = PBXFileReference; fileEncoding = 4; lastKnownFileType = sourcecode.swift; name = "TelegramBot+getMe.swift"; path = "Requests/TelegramBot+getMe.swift"; sourceTree = "<group>"; };
		CE7DE0221B5F1F8E00188093 /* TelegramBot+getUpdates.swift */ = {isa = PBXFileReference; fileEncoding = 4; lastKnownFileType = sourcecode.swift; name = "TelegramBot+getUpdates.swift"; path = "Requests/TelegramBot+getUpdates.swift"; sourceTree = "<group>"; };
		CE7DE0241B60FCEE00188093 /* BlockingServerTests.swift */ = {isa = PBXFileReference; fileEncoding = 4; lastKnownFileType = sourcecode.swift; path = BlockingServerTests.swift; sourceTree = "<group>"; };
		CE7DE0291B612A6900188093 /* UrlencodeTests.swift */ = {isa = PBXFileReference; fileEncoding = 4; lastKnownFileType = sourcecode.swift; path = UrlencodeTests.swift; sourceTree = "<group>"; };
		CE7DE02C1B613C7D00188093 /* HTTPUtils.swift */ = {isa = PBXFileReference; fileEncoding = 4; lastKnownFileType = sourcecode.swift; path = HTTPUtils.swift; sourceTree = "<group>"; };
		CEC40C0B1B5B29CD00F2F9D8 /* Response.swift */ = {isa = PBXFileReference; fileEncoding = 4; lastKnownFileType = sourcecode.swift; name = Response.swift; path = Types/Response.swift; sourceTree = "<group>"; };
		CEC40C121B5B346600F2F9D8 /* Optional+Unwrap.swift */ = {isa = PBXFileReference; fileEncoding = 4; lastKnownFileType = sourcecode.swift; path = "Optional+Unwrap.swift"; sourceTree = "<group>"; };
		CEC40C141B5BC22B00F2F9D8 /* DataTaskError.swift */ = {isa = PBXFileReference; fileEncoding = 4; lastKnownFileType = sourcecode.swift; path = DataTaskError.swift; sourceTree = "<group>"; };
		CED9FDCB1B6374D000AA44E2 /* NSScanner+Swift.swift */ = {isa = PBXFileReference; fileEncoding = 4; lastKnownFileType = sourcecode.swift; path = "NSScanner+Swift.swift"; sourceTree = "<group>"; };
		CED9FDCD1B63B4EF00AA44E2 /* String+Indent.swift */ = {isa = PBXFileReference; fileEncoding = 4; lastKnownFileType = sourcecode.swift; path = "String+Indent.swift"; sourceTree = "<group>"; };
		CED9FDCF1B63C37900AA44E2 /* String+Trim.swift */ = {isa = PBXFileReference; fileEncoding = 4; lastKnownFileType = sourcecode.swift; path = "String+Trim.swift"; sourceTree = "<group>"; };
		CEDC4A4D1B5C41200037545E /* TaskAssociatedData.swift */ = {isa = PBXFileReference; fileEncoding = 4; lastKnownFileType = sourcecode.swift; path = TaskAssociatedData.swift; sourceTree = "<group>"; };
		CEDC4A4F1B5C415B0037545E /* NSURLSessionDataTask+AssociatedData.swift */ = {isa = PBXFileReference; fileEncoding = 4; lastKnownFileType = sourcecode.swift; path = "NSURLSessionDataTask+AssociatedData.swift"; sourceTree = "<group>"; };
		CEDFBF1F1B5861D600E8928E /* GroupChat.swift */ = {isa = PBXFileReference; fileEncoding = 4; lastKnownFileType = sourcecode.swift; name = GroupChat.swift; path = Types/GroupChat.swift; sourceTree = "<group>"; };
		CEDFBF241B5862F700E8928E /* PhotoSize.swift */ = {isa = PBXFileReference; fileEncoding = 4; lastKnownFileType = sourcecode.swift; name = PhotoSize.swift; path = Types/PhotoSize.swift; sourceTree = "<group>"; };
		CEDFBF261B5864D700E8928E /* Audio.swift */ = {isa = PBXFileReference; fileEncoding = 4; lastKnownFileType = sourcecode.swift; name = Audio.swift; path = Types/Audio.swift; sourceTree = "<group>"; };
		CEDFBF281B58676100E8928E /* UserOrGroupChat.swift */ = {isa = PBXFileReference; fileEncoding = 4; lastKnownFileType = sourcecode.swift; name = UserOrGroupChat.swift; path = Types/UserOrGroupChat.swift; sourceTree = "<group>"; };
		CEDFBF2A1B58681300E8928E /* Document.swift */ = {isa = PBXFileReference; fileEncoding = 4; lastKnownFileType = sourcecode.swift; name = Document.swift; path = Types/Document.swift; sourceTree = "<group>"; };
		CEDFBF2C1B586DC500E8928E /* Sticker.swift */ = {isa = PBXFileReference; fileEncoding = 4; lastKnownFileType = sourcecode.swift; name = Sticker.swift; path = Types/Sticker.swift; sourceTree = "<group>"; };
		CEDFBF2E1B586F7B00E8928E /* Video.swift */ = {isa = PBXFileReference; fileEncoding = 4; lastKnownFileType = sourcecode.swift; name = Video.swift; path = Types/Video.swift; sourceTree = "<group>"; };
		CEDFBF301B58709100E8928E /* Contact.swift */ = {isa = PBXFileReference; fileEncoding = 4; lastKnownFileType = sourcecode.swift; name = Contact.swift; path = Types/Contact.swift; sourceTree = "<group>"; };
		CEDFBF321B58717A00E8928E /* Location.swift */ = {isa = PBXFileReference; fileEncoding = 4; lastKnownFileType = sourcecode.swift; name = Location.swift; path = Types/Location.swift; sourceTree = "<group>"; };
		CEDFBF341B58727600E8928E /* Message.swift */ = {isa = PBXFileReference; fileEncoding = 4; lastKnownFileType = sourcecode.swift; name = Message.swift; path = Types/Message.swift; sourceTree = "<group>"; };
		CEDFBF361B587B6000E8928E /* Update.swift */ = {isa = PBXFileReference; fileEncoding = 4; lastKnownFileType = sourcecode.swift; name = Update.swift; path = Types/Update.swift; sourceTree = "<group>"; };
		CEDFBF381B58F30700E8928E /* String+HTTP.swift */ = {isa = PBXFileReference; fileEncoding = 4; lastKnownFileType = sourcecode.swift; path = "String+HTTP.swift"; sourceTree = "<group>"; };
		CEEF5D231B6AD0BE004D2881 /* Parameter.swift */ = {isa = PBXFileReference; fileEncoding = 4; lastKnownFileType = sourcecode.swift; name = Parameter.swift; path = Router/Parameter.swift; sourceTree = "<group>"; };
		CEEF5D2A1B6AD1C4004D2881 /* String+Parameter.swift */ = {isa = PBXFileReference; fileEncoding = 4; lastKnownFileType = sourcecode.swift; name = "String+Parameter.swift"; path = "Router/Parameters/String+Parameter.swift"; sourceTree = "<group>"; };
		CEEF5D2C1B6AD1D9004D2881 /* Word.swift */ = {isa = PBXFileReference; fileEncoding = 4; lastKnownFileType = sourcecode.swift; name = Word.swift; path = Router/Parameters/Word.swift; sourceTree = "<group>"; };
		CEEF5D2E1B6AD1F7004D2881 /* RestOfString.swift */ = {isa = PBXFileReference; fileEncoding = 4; lastKnownFileType = sourcecode.swift; name = RestOfString.swift; path = Router/Parameters/RestOfString.swift; sourceTree = "<group>"; };
		CEEF5D301B6AD233004D2881 /* Arguments.swift */ = {isa = PBXFileReference; fileEncoding = 4; lastKnownFileType = sourcecode.swift; name = Arguments.swift; path = Router/Arguments.swift; sourceTree = "<group>"; };
		CEEF5D321B6AD2D0004D2881 /* Path.swift */ = {isa = PBXFileReference; fileEncoding = 4; lastKnownFileType = sourcecode.swift; name = Path.swift; path = Router/Path.swift; sourceTree = "<group>"; };
		CEEF5D341B6AD2EC004D2881 /* Router.swift */ = {isa = PBXFileReference; fileEncoding = 4; lastKnownFileType = sourcecode.swift; name = Router.swift; path = Router/Router.swift; sourceTree = "<group>"; };
		CEEF5D421B6BD173004D2881 /* BotName.swift */ = {isa = PBXFileReference; fileEncoding = 4; lastKnownFileType = sourcecode.swift; path = BotName.swift; sourceTree = "<group>"; };
		CEEF5D461B6C3F4C004D2881 /* String+ExtractBotCommand.swift */ = {isa = PBXFileReference; fileEncoding = 4; lastKnownFileType = sourcecode.swift; path = "String+ExtractBotCommand.swift"; sourceTree = "<group>"; };
		CEEF5D481B6D0166004D2881 /* Argument.swift */ = {isa = PBXFileReference; fileEncoding = 4; lastKnownFileType = sourcecode.swift; name = Argument.swift; path = Router/Argument.swift; sourceTree = "<group>"; };
		CEEF5D4A1B6D62C0004D2881 /* Command.swift */ = {isa = PBXFileReference; fileEncoding = 4; lastKnownFileType = sourcecode.swift; name = Command.swift; path = Router/Parameters/Command.swift; sourceTree = "<group>"; };
		CEEF5D4C1B6D8E15004D2881 /* TelegramBot+Utils.swift */ = {isa = PBXFileReference; fileEncoding = 4; lastKnownFileType = sourcecode.swift; path = "TelegramBot+Utils.swift"; sourceTree = "<group>"; };
/* End PBXFileReference section */

/* Begin PBXFrameworksBuildPhase section */
		CE3B381E1B584B3F00090037 /* Frameworks */ = {
			isa = PBXFrameworksBuildPhase;
			buildActionMask = 2147483647;
			files = (
				CE0ADC181B58582900FCA08C /* SwiftyJSON.framework in Frameworks */,
			);
			runOnlyForDeploymentPostprocessing = 0;
		};
		CE3B38291B584B4000090037 /* Frameworks */ = {
			isa = PBXFrameworksBuildPhase;
			buildActionMask = 2147483647;
			files = (
				CE3B382D1B584B4000090037 /* TelegramBot.framework in Frameworks */,
			);
			runOnlyForDeploymentPostprocessing = 0;
		};
/* End PBXFrameworksBuildPhase section */

/* Begin PBXGroup section */
		CE0ADC1F1B58592300FCA08C /* Categories */ = {
			isa = PBXGroup;
			children = (
				CE0ADC201B58592300FCA08C /* JSON+Utils.swift */,
				CED9FDCD1B63B4EF00AA44E2 /* String+Indent.swift */,
				CEDFBF381B58F30700E8928E /* String+HTTP.swift */,
				CED9FDCF1B63C37900AA44E2 /* String+Trim.swift */,
				CEC40C121B5B346600F2F9D8 /* Optional+Unwrap.swift */,
				CEDC4A4F1B5C415B0037545E /* NSURLSessionDataTask+AssociatedData.swift */,
				CED9FDCB1B6374D000AA44E2 /* NSScanner+Swift.swift */,
			);
			path = Categories;
			sourceTree = "<group>";
		};
		CE29DB911B584F6E00BCA03B /* ThirdParty */ = {
			isa = PBXGroup;
			children = (
				CE29DB921B584F7B00BCA03B /* SwiftyJSON.xcodeproj */,
			);
			name = ThirdParty;
			sourceTree = "<group>";
		};
		CE29DB931B584F7B00BCA03B /* Products */ = {
			isa = PBXGroup;
			children = (
				CE29DB9A1B584F7B00BCA03B /* SwiftyJSON.framework */,
				CE29DB9C1B584F7B00BCA03B /* SwiftyJSON iOS Tests.xctest */,
				CE29DB9E1B584F7B00BCA03B /* SwiftyJSON.framework */,
				CE29DBA01B584F7B00BCA03B /* SwiftyJSON OSX Tests.xctest */,
			);
			name = Products;
			sourceTree = "<group>";
		};
		CE29DBA11B58519500BCA03B /* Types */ = {
			isa = PBXGroup;
			children = (
				CE29DBA41B58541C00BCA03B /* User.swift */,
				CEDFBF1F1B5861D600E8928E /* GroupChat.swift */,
				CEDFBF341B58727600E8928E /* Message.swift */,
				CEDFBF241B5862F700E8928E /* PhotoSize.swift */,
				CEDFBF261B5864D700E8928E /* Audio.swift */,
				CEDFBF2A1B58681300E8928E /* Document.swift */,
				CEDFBF2C1B586DC500E8928E /* Sticker.swift */,
				CEDFBF2E1B586F7B00E8928E /* Video.swift */,
				CEDFBF301B58709100E8928E /* Contact.swift */,
				CEDFBF321B58717A00E8928E /* Location.swift */,
				CEDFBF361B587B6000E8928E /* Update.swift */,
				CEDFBF281B58676100E8928E /* UserOrGroupChat.swift */,
				CEC40C0B1B5B29CD00F2F9D8 /* Response.swift */,
				CE0620411B6186E5008CAFF2 /* ReplyKeyboardMarkup.swift */,
				CE0620431B6186EF008CAFF2 /* ReplyKeyboardHide.swift */,
				CE0620451B6186F9008CAFF2 /* ForceReply.swift */,
				CE06203F1B6185D2008CAFF2 /* ReplyMarkup.swift */,
			);
			name = Types;
			sourceTree = "<group>";
		};
		CE3B38181B584B3F00090037 = {
			isa = PBXGroup;
			children = (
				CE3B38241B584B3F00090037 /* Source */,
				CE3B38301B584B4000090037 /* Tests */,
				CE3B38231B584B3F00090037 /* Products */,
			);
			sourceTree = "<group>";
		};
		CE3B38231B584B3F00090037 /* Products */ = {
			isa = PBXGroup;
			children = (
				CE3B38221B584B3F00090037 /* TelegramBot.framework */,
				CE3B382C1B584B4000090037 /* TelegramBotTests.xctest */,
			);
			name = Products;
			sourceTree = "<group>";
		};
		CE3B38241B584B3F00090037 /* Source */ = {
			isa = PBXGroup;
			children = (
				CEEF5D1F1B6AD09F004D2881 /* Router */,
				CE7DE01C1B5EE44700188093 /* Requests */,
				CE0ADC1F1B58592300FCA08C /* Categories */,
				CE29DBA11B58519500BCA03B /* Types */,
				CE29DB911B584F6E00BCA03B /* ThirdParty */,
				CE3B38251B584B3F00090037 /* TelegramBot.h */,
				CE0ADC191B58585500FCA08C /* TelegramBot.swift */,
				CEEF5D4C1B6D8E15004D2881 /* TelegramBot+Utils.swift */,
				CEC40C141B5BC22B00F2F9D8 /* DataTaskError.swift */,
				CEDC4A4D1B5C41200037545E /* TaskAssociatedData.swift */,
				CE7DE02C1B613C7D00188093 /* HTTPUtils.swift */,
				CEEF5D421B6BD173004D2881 /* BotName.swift */,
				CEEF5D461B6C3F4C004D2881 /* String+ExtractBotCommand.swift */,
				CE3B38271B584B3F00090037 /* Info.plist */,
				CE29DBA21B58522E00BCA03B /* LICENSE */,
			);
			path = Source;
			sourceTree = "<group>";
		};
		CE3B38301B584B4000090037 /* Tests */ = {
			isa = PBXGroup;
			children = (
				CE3B38311B584B4000090037 /* TelegramBotTests.swift */,
				CE7DE0241B60FCEE00188093 /* BlockingServerTests.swift */,
				CE7DE0291B612A6900188093 /* UrlencodeTests.swift */,
				CE3B38331B584B4000090037 /* Info.plist */,
			);
			path = Tests;
			sourceTree = "<group>";
		};
		CE7DE01C1B5EE44700188093 /* Requests */ = {
			isa = PBXGroup;
			children = (
				CE7DE0201B5EE46700188093 /* TelegramBot+getMe.swift */,
				CE7DE0221B5F1F8E00188093 /* TelegramBot+getUpdates.swift */,
				CE06203D1B616C22008CAFF2 /* TelegramBot+sendMessage.swift */,
			);
			name = Requests;
			sourceTree = "<group>";
		};
		CEEF5D1F1B6AD09F004D2881 /* Router */ = {
			isa = PBXGroup;
			children = (
				CEEF5D291B6AD199004D2881 /* Parameters */,
				CEEF5D231B6AD0BE004D2881 /* Parameter.swift */,
				CEEF5D301B6AD233004D2881 /* Arguments.swift */,
				CEEF5D481B6D0166004D2881 /* Argument.swift */,
				CEEF5D321B6AD2D0004D2881 /* Path.swift */,
				CEEF5D341B6AD2EC004D2881 /* Router.swift */,
			);
			name = Router;
			sourceTree = "<group>";
		};
		CEEF5D291B6AD199004D2881 /* Parameters */ = {
			isa = PBXGroup;
			children = (
				CEEF5D2A1B6AD1C4004D2881 /* String+Parameter.swift */,
				CEEF5D4A1B6D62C0004D2881 /* Command.swift */,
				CEEF5D2C1B6AD1D9004D2881 /* Word.swift */,
				CEEF5D2E1B6AD1F7004D2881 /* RestOfString.swift */,
			);
			name = Parameters;
			sourceTree = "<group>";
		};
/* End PBXGroup section */

/* Begin PBXHeadersBuildPhase section */
		CE3B381F1B584B3F00090037 /* Headers */ = {
			isa = PBXHeadersBuildPhase;
			buildActionMask = 2147483647;
			files = (
				CE3B38261B584B3F00090037 /* TelegramBot.h in Headers */,
			);
			runOnlyForDeploymentPostprocessing = 0;
		};
/* End PBXHeadersBuildPhase section */

/* Begin PBXNativeTarget section */
		CE3B38211B584B3F00090037 /* TelegramBot */ = {
			isa = PBXNativeTarget;
			buildConfigurationList = CE3B38361B584B4000090037 /* Build configuration list for PBXNativeTarget "TelegramBot" */;
			buildPhases = (
				CE3B381D1B584B3F00090037 /* Sources */,
				CE3B381E1B584B3F00090037 /* Frameworks */,
				CE3B381F1B584B3F00090037 /* Headers */,
				CE3B38201B584B3F00090037 /* Resources */,
				CEEF5D411B6AE16D004D2881 /* Amalgamate Sources (for use in console projects) */,
			);
			buildRules = (
			);
			dependencies = (
				CE29DBA81B58563C00BCA03B /* PBXTargetDependency */,
			);
			name = TelegramBot;
			productName = TelegramBot;
			productReference = CE3B38221B584B3F00090037 /* TelegramBot.framework */;
			productType = "com.apple.product-type.framework";
		};
		CE3B382B1B584B4000090037 /* TelegramBotTests */ = {
			isa = PBXNativeTarget;
			buildConfigurationList = CE3B38391B584B4000090037 /* Build configuration list for PBXNativeTarget "TelegramBotTests" */;
			buildPhases = (
				CE3B38281B584B4000090037 /* Sources */,
				CE3B38291B584B4000090037 /* Frameworks */,
				CE3B382A1B584B4000090037 /* Resources */,
			);
			buildRules = (
			);
			dependencies = (
				CE3B382F1B584B4000090037 /* PBXTargetDependency */,
			);
			name = TelegramBotTests;
			productName = TelegramBotTests;
			productReference = CE3B382C1B584B4000090037 /* TelegramBotTests.xctest */;
			productType = "com.apple.product-type.bundle.unit-test";
		};
/* End PBXNativeTarget section */

/* Begin PBXProject section */
		CE3B38191B584B3F00090037 /* Project object */ = {
			isa = PBXProject;
			attributes = {
				LastSwiftUpdateCheck = 0700;
				LastUpgradeCheck = 0700;
				ORGANIZATIONNAME = "Andrey Fidrya";
				TargetAttributes = {
					CE3B38211B584B3F00090037 = {
						CreatedOnToolsVersion = 7.0;
					};
					CE3B382B1B584B4000090037 = {
						CreatedOnToolsVersion = 7.0;
					};
				};
			};
			buildConfigurationList = CE3B381C1B584B3F00090037 /* Build configuration list for PBXProject "TelegramBot" */;
			compatibilityVersion = "Xcode 3.2";
			developmentRegion = English;
			hasScannedForEncodings = 0;
			knownRegions = (
				en,
			);
			mainGroup = CE3B38181B584B3F00090037;
			productRefGroup = CE3B38231B584B3F00090037 /* Products */;
			projectDirPath = "";
			projectReferences = (
				{
					ProductGroup = CE29DB931B584F7B00BCA03B /* Products */;
					ProjectRef = CE29DB921B584F7B00BCA03B /* SwiftyJSON.xcodeproj */;
				},
			);
			projectRoot = "";
			targets = (
				CE3B38211B584B3F00090037 /* TelegramBot */,
				CE3B382B1B584B4000090037 /* TelegramBotTests */,
			);
		};
/* End PBXProject section */

/* Begin PBXReferenceProxy section */
		CE29DB9A1B584F7B00BCA03B /* SwiftyJSON.framework */ = {
			isa = PBXReferenceProxy;
			fileType = wrapper.framework;
			path = SwiftyJSON.framework;
			remoteRef = CE29DB991B584F7B00BCA03B /* PBXContainerItemProxy */;
			sourceTree = BUILT_PRODUCTS_DIR;
		};
		CE29DB9C1B584F7B00BCA03B /* SwiftyJSON iOS Tests.xctest */ = {
			isa = PBXReferenceProxy;
			fileType = wrapper.cfbundle;
			path = "SwiftyJSON iOS Tests.xctest";
			remoteRef = CE29DB9B1B584F7B00BCA03B /* PBXContainerItemProxy */;
			sourceTree = BUILT_PRODUCTS_DIR;
		};
		CE29DB9E1B584F7B00BCA03B /* SwiftyJSON.framework */ = {
			isa = PBXReferenceProxy;
			fileType = wrapper.framework;
			path = SwiftyJSON.framework;
			remoteRef = CE29DB9D1B584F7B00BCA03B /* PBXContainerItemProxy */;
			sourceTree = BUILT_PRODUCTS_DIR;
		};
		CE29DBA01B584F7B00BCA03B /* SwiftyJSON OSX Tests.xctest */ = {
			isa = PBXReferenceProxy;
			fileType = wrapper.cfbundle;
			path = "SwiftyJSON OSX Tests.xctest";
			remoteRef = CE29DB9F1B584F7B00BCA03B /* PBXContainerItemProxy */;
			sourceTree = BUILT_PRODUCTS_DIR;
		};
/* End PBXReferenceProxy section */

/* Begin PBXResourcesBuildPhase section */
		CE3B38201B584B3F00090037 /* Resources */ = {
			isa = PBXResourcesBuildPhase;
			buildActionMask = 2147483647;
			files = (
				CE29DBA31B58522E00BCA03B /* LICENSE in Resources */,
			);
			runOnlyForDeploymentPostprocessing = 0;
		};
		CE3B382A1B584B4000090037 /* Resources */ = {
			isa = PBXResourcesBuildPhase;
			buildActionMask = 2147483647;
			files = (
			);
			runOnlyForDeploymentPostprocessing = 0;
		};
/* End PBXResourcesBuildPhase section */

/* Begin PBXShellScriptBuildPhase section */
		CEEF5D411B6AE16D004D2881 /* Amalgamate Sources (for use in console projects) */ = {
			isa = PBXShellScriptBuildPhase;
			buildActionMask = 12;
			files = (
			);
			inputPaths = (
				"$(TARGET_BUILD_DIR)/$(PRODUCT_NAME).framework",
			);
			name = "Amalgamate Sources (for use in console projects)";
			outputPaths = (
				./TelegramBot.swift,
			);
			runOnlyForDeploymentPostprocessing = 0;
			shellPath = /bin/sh;
			shellScript = ./amalgamate.swift;
		};
/* End PBXShellScriptBuildPhase section */

/* Begin PBXSourcesBuildPhase section */
		CE3B381D1B584B3F00090037 /* Sources */ = {
			isa = PBXSourcesBuildPhase;
			buildActionMask = 2147483647;
			files = (
				CE7DE02D1B613C7D00188093 /* HTTPUtils.swift in Sources */,
				CEC40C131B5B346600F2F9D8 /* Optional+Unwrap.swift in Sources */,
				CE7DE0211B5EE46700188093 /* TelegramBot+getMe.swift in Sources */,
				CEDFBF2B1B58681300E8928E /* Document.swift in Sources */,
				CEDFBF271B5864D700E8928E /* Audio.swift in Sources */,
				CEDFBF371B587B6000E8928E /* Update.swift in Sources */,
				CEC40C0C1B5B29CD00F2F9D8 /* Response.swift in Sources */,
				CEDFBF251B5862F700E8928E /* PhotoSize.swift in Sources */,
				CEEF5D4D1B6D8E15004D2881 /* TelegramBot+Utils.swift in Sources */,
				CE06203E1B616C22008CAFF2 /* TelegramBot+sendMessage.swift in Sources */,
				CEEF5D241B6AD0BE004D2881 /* Parameter.swift in Sources */,
				CE29DBA51B58541C00BCA03B /* User.swift in Sources */,
				CED9FDD01B63C37900AA44E2 /* String+Trim.swift in Sources */,
				CEEF5D2B1B6AD1C4004D2881 /* String+Parameter.swift in Sources */,
				CEDFBF2D1B586DC500E8928E /* Sticker.swift in Sources */,
				CEEF5D431B6BD173004D2881 /* BotName.swift in Sources */,
				CEEF5D331B6AD2D0004D2881 /* Path.swift in Sources */,
				CEDC4A4E1B5C41200037545E /* TaskAssociatedData.swift in Sources */,
				CE0620441B6186EF008CAFF2 /* ReplyKeyboardHide.swift in Sources */,
				CE0ADC211B58592300FCA08C /* JSON+Utils.swift in Sources */,
				CE0620461B6186F9008CAFF2 /* ForceReply.swift in Sources */,
				CEDFBF311B58709100E8928E /* Contact.swift in Sources */,
				CED9FDCC1B6374D000AA44E2 /* NSScanner+Swift.swift in Sources */,
				CEDC4A501B5C415B0037545E /* NSURLSessionDataTask+AssociatedData.swift in Sources */,
				CEEF5D471B6C3F4C004D2881 /* String+ExtractBotCommand.swift in Sources */,
				CEEF5D2D1B6AD1D9004D2881 /* Word.swift in Sources */,
				CEEF5D311B6AD233004D2881 /* Arguments.swift in Sources */,
				CEEF5D351B6AD2EC004D2881 /* Router.swift in Sources */,
				CEEF5D491B6D0166004D2881 /* Argument.swift in Sources */,
				CEEF5D2F1B6AD1F7004D2881 /* RestOfString.swift in Sources */,
				CE0ADC1A1B58585500FCA08C /* TelegramBot.swift in Sources */,
				CED9FDCE1B63B4EF00AA44E2 /* String+Indent.swift in Sources */,
				CEDFBF391B58F30700E8928E /* String+HTTP.swift in Sources */,
				CE0620401B6185D2008CAFF2 /* ReplyMarkup.swift in Sources */,
				CEEF5D4B1B6D62C0004D2881 /* Command.swift in Sources */,
				CEDFBF201B5861D600E8928E /* GroupChat.swift in Sources */,
				CEDFBF351B58727600E8928E /* Message.swift in Sources */,
				CEC40C151B5BC22B00F2F9D8 /* DataTaskError.swift in Sources */,
				CE0620421B6186E5008CAFF2 /* ReplyKeyboardMarkup.swift in Sources */,
				CEDFBF291B58676100E8928E /* UserOrGroupChat.swift in Sources */,
				CEDFBF331B58717A00E8928E /* Location.swift in Sources */,
				CEDFBF2F1B586F7B00E8928E /* Video.swift in Sources */,
				CE7DE0231B5F1F8E00188093 /* TelegramBot+getUpdates.swift in Sources */,
			);
			runOnlyForDeploymentPostprocessing = 0;
		};
		CE3B38281B584B4000090037 /* Sources */ = {
			isa = PBXSourcesBuildPhase;
			buildActionMask = 2147483647;
			files = (
				CE3B38321B584B4000090037 /* TelegramBotTests.swift in Sources */,
				CE7DE02B1B612A8400188093 /* UrlencodeTests.swift in Sources */,
				CE7DE0261B60FD2900188093 /* BlockingServerTests.swift in Sources */,
			);
			runOnlyForDeploymentPostprocessing = 0;
		};
/* End PBXSourcesBuildPhase section */

/* Begin PBXTargetDependency section */
		CE29DBA81B58563C00BCA03B /* PBXTargetDependency */ = {
			isa = PBXTargetDependency;
			name = "SwiftyJSON OSX";
			targetProxy = CE29DBA71B58563C00BCA03B /* PBXContainerItemProxy */;
		};
		CE3B382F1B584B4000090037 /* PBXTargetDependency */ = {
			isa = PBXTargetDependency;
			target = CE3B38211B584B3F00090037 /* TelegramBot */;
			targetProxy = CE3B382E1B584B4000090037 /* PBXContainerItemProxy */;
		};
/* End PBXTargetDependency section */

/* Begin XCBuildConfiguration section */
		CE3B38341B584B4000090037 /* Debug */ = {
			isa = XCBuildConfiguration;
			buildSettings = {
				ALWAYS_SEARCH_USER_PATHS = NO;
				CLANG_CXX_LANGUAGE_STANDARD = "gnu++0x";
				CLANG_CXX_LIBRARY = "libc++";
				CLANG_ENABLE_MODULES = YES;
				CLANG_ENABLE_OBJC_ARC = YES;
				CLANG_WARN_BOOL_CONVERSION = YES;
				CLANG_WARN_CONSTANT_CONVERSION = YES;
				CLANG_WARN_DIRECT_OBJC_ISA_USAGE = YES_ERROR;
				CLANG_WARN_EMPTY_BODY = YES;
				CLANG_WARN_ENUM_CONVERSION = YES;
				CLANG_WARN_INT_CONVERSION = YES;
				CLANG_WARN_OBJC_ROOT_CLASS = YES_ERROR;
				CLANG_WARN_UNREACHABLE_CODE = YES;
				CLANG_WARN__DUPLICATE_METHOD_MATCH = YES;
				COPY_PHASE_STRIP = NO;
				CURRENT_PROJECT_VERSION = 1;
				DEBUG_INFORMATION_FORMAT = dwarf;
				ENABLE_STRICT_OBJC_MSGSEND = YES;
				ENABLE_TESTABILITY = YES;
				GCC_C_LANGUAGE_STANDARD = gnu99;
				GCC_DYNAMIC_NO_PIC = NO;
				GCC_NO_COMMON_BLOCKS = YES;
				GCC_OPTIMIZATION_LEVEL = 0;
				GCC_PREPROCESSOR_DEFINITIONS = (
					"DEBUG=1",
					"$(inherited)",
				);
				GCC_WARN_64_TO_32_BIT_CONVERSION = YES;
				GCC_WARN_ABOUT_RETURN_TYPE = YES_ERROR;
				GCC_WARN_UNDECLARED_SELECTOR = YES;
				GCC_WARN_UNINITIALIZED_AUTOS = YES_AGGRESSIVE;
				GCC_WARN_UNUSED_FUNCTION = YES;
				GCC_WARN_UNUSED_VARIABLE = YES;
				MACOSX_DEPLOYMENT_TARGET = 10.10;
				MTL_ENABLE_DEBUG_INFO = YES;
				ONLY_ACTIVE_ARCH = YES;
				SDKROOT = macosx;
				SWIFT_OPTIMIZATION_LEVEL = "-Onone";
				VERSIONING_SYSTEM = "apple-generic";
				VERSION_INFO_PREFIX = "";
			};
			name = Debug;
		};
		CE3B38351B584B4000090037 /* Release */ = {
			isa = XCBuildConfiguration;
			buildSettings = {
				ALWAYS_SEARCH_USER_PATHS = NO;
				CLANG_CXX_LANGUAGE_STANDARD = "gnu++0x";
				CLANG_CXX_LIBRARY = "libc++";
				CLANG_ENABLE_MODULES = YES;
				CLANG_ENABLE_OBJC_ARC = YES;
				CLANG_WARN_BOOL_CONVERSION = YES;
				CLANG_WARN_CONSTANT_CONVERSION = YES;
				CLANG_WARN_DIRECT_OBJC_ISA_USAGE = YES_ERROR;
				CLANG_WARN_EMPTY_BODY = YES;
				CLANG_WARN_ENUM_CONVERSION = YES;
				CLANG_WARN_INT_CONVERSION = YES;
				CLANG_WARN_OBJC_ROOT_CLASS = YES_ERROR;
				CLANG_WARN_UNREACHABLE_CODE = YES;
				CLANG_WARN__DUPLICATE_METHOD_MATCH = YES;
				COPY_PHASE_STRIP = NO;
				CURRENT_PROJECT_VERSION = 1;
				DEBUG_INFORMATION_FORMAT = "dwarf-with-dsym";
				ENABLE_NS_ASSERTIONS = NO;
				ENABLE_STRICT_OBJC_MSGSEND = YES;
				GCC_C_LANGUAGE_STANDARD = gnu99;
				GCC_NO_COMMON_BLOCKS = YES;
				GCC_WARN_64_TO_32_BIT_CONVERSION = YES;
				GCC_WARN_ABOUT_RETURN_TYPE = YES_ERROR;
				GCC_WARN_UNDECLARED_SELECTOR = YES;
				GCC_WARN_UNINITIALIZED_AUTOS = YES_AGGRESSIVE;
				GCC_WARN_UNUSED_FUNCTION = YES;
				GCC_WARN_UNUSED_VARIABLE = YES;
				MACOSX_DEPLOYMENT_TARGET = 10.10;
				MTL_ENABLE_DEBUG_INFO = NO;
				SDKROOT = macosx;
				VERSIONING_SYSTEM = "apple-generic";
				VERSION_INFO_PREFIX = "";
			};
			name = Release;
		};
		CE3B38371B584B4000090037 /* Debug */ = {
			isa = XCBuildConfiguration;
			buildSettings = {
				CLANG_ENABLE_MODULES = YES;
				COMBINE_HIDPI_IMAGES = YES;
				DEFINES_MODULE = YES;
				DYLIB_COMPATIBILITY_VERSION = 1;
				DYLIB_CURRENT_VERSION = 1;
				DYLIB_INSTALL_NAME_BASE = "@rpath";
				FRAMEWORK_VERSION = A;
				INFOPLIST_FILE = Source/Info.plist;
				INSTALL_PATH = "$(LOCAL_LIBRARY_DIR)/Frameworks";
				LD_RUNPATH_SEARCH_PATHS = "$(inherited) @executable_path/../Frameworks @loader_path/Frameworks";
				PRODUCT_BUNDLE_IDENTIFIER = com.zabiyaka.TelegramBot;
				PRODUCT_NAME = "$(TARGET_NAME)";
				SKIP_INSTALL = YES;
				SWIFT_OPTIMIZATION_LEVEL = "-Onone";
			};
			name = Debug;
		};
		CE3B38381B584B4000090037 /* Release */ = {
			isa = XCBuildConfiguration;
			buildSettings = {
				CLANG_ENABLE_MODULES = YES;
				COMBINE_HIDPI_IMAGES = YES;
				DEFINES_MODULE = YES;
				DYLIB_COMPATIBILITY_VERSION = 1;
				DYLIB_CURRENT_VERSION = 1;
				DYLIB_INSTALL_NAME_BASE = "@rpath";
				FRAMEWORK_VERSION = A;
				INFOPLIST_FILE = Source/Info.plist;
				INSTALL_PATH = "$(LOCAL_LIBRARY_DIR)/Frameworks";
				LD_RUNPATH_SEARCH_PATHS = "$(inherited) @executable_path/../Frameworks @loader_path/Frameworks";
				PRODUCT_BUNDLE_IDENTIFIER = com.zabiyaka.TelegramBot;
				PRODUCT_NAME = "$(TARGET_NAME)";
				SKIP_INSTALL = YES;
			};
			name = Release;
		};
		CE3B383A1B584B4000090037 /* Debug */ = {
			isa = XCBuildConfiguration;
			buildSettings = {
				COMBINE_HIDPI_IMAGES = YES;
				INFOPLIST_FILE = Tests/Info.plist;
				LD_RUNPATH_SEARCH_PATHS = "$(inherited) @executable_path/../Frameworks @loader_path/../Frameworks";
				PRODUCT_BUNDLE_IDENTIFIER = com.zabiyaka.TelegramBotTests;
				PRODUCT_NAME = "$(TARGET_NAME)";
			};
			name = Debug;
		};
		CE3B383B1B584B4000090037 /* Release */ = {
			isa = XCBuildConfiguration;
			buildSettings = {
				COMBINE_HIDPI_IMAGES = YES;
				INFOPLIST_FILE = Tests/Info.plist;
				LD_RUNPATH_SEARCH_PATHS = "$(inherited) @executable_path/../Frameworks @loader_path/../Frameworks";
				PRODUCT_BUNDLE_IDENTIFIER = com.zabiyaka.TelegramBotTests;
				PRODUCT_NAME = "$(TARGET_NAME)";
			};
			name = Release;
		};
/* End XCBuildConfiguration section */

/* Begin XCConfigurationList section */
		CE3B381C1B584B3F00090037 /* Build configuration list for PBXProject "TelegramBot" */ = {
			isa = XCConfigurationList;
			buildConfigurations = (
				CE3B38341B584B4000090037 /* Debug */,
				CE3B38351B584B4000090037 /* Release */,
			);
			defaultConfigurationIsVisible = 0;
			defaultConfigurationName = Release;
		};
		CE3B38361B584B4000090037 /* Build configuration list for PBXNativeTarget "TelegramBot" */ = {
			isa = XCConfigurationList;
			buildConfigurations = (
				CE3B38371B584B4000090037 /* Debug */,
				CE3B38381B584B4000090037 /* Release */,
			);
			defaultConfigurationIsVisible = 0;
			defaultConfigurationName = Release;
		};
		CE3B38391B584B4000090037 /* Build configuration list for PBXNativeTarget "TelegramBotTests" */ = {
			isa = XCConfigurationList;
			buildConfigurations = (
				CE3B383A1B584B4000090037 /* Debug */,
				CE3B383B1B584B4000090037 /* Release */,
			);
			defaultConfigurationIsVisible = 0;
			defaultConfigurationName = Release;
		};
/* End XCConfigurationList section */
	};
	rootObject = CE3B38191B584B3F00090037 /* Project object */;
}
