// !$*UTF8*$!
{
	archiveVersion = 1;
	classes = {
	};
	objectVersion = 46;
	objects = {

/* Begin PBXBuildFile section */
		CE0ADC181B58582900FCA08C /* SwiftyJSON.framework in Frameworks */ = {isa = PBXBuildFile; fileRef = CE29DB9E1B584F7B00BCA03B /* SwiftyJSON.framework */; };
		CE0ADC1A1B58585500FCA08C /* TelegramBot.swift in Sources */ = {isa = PBXBuildFile; fileRef = CE0ADC191B58585500FCA08C /* TelegramBot.swift */; };
		CE0ADC211B58592300FCA08C /* JSON+Utils.swift in Sources */ = {isa = PBXBuildFile; fileRef = CE0ADC201B58592300FCA08C /* JSON+Utils.swift */; };
		CE29DBA31B58522E00BCA03B /* LICENSE in Resources */ = {isa = PBXBuildFile; fileRef = CE29DBA21B58522E00BCA03B /* LICENSE */; };
		CE29DBA51B58541C00BCA03B /* User.swift in Sources */ = {isa = PBXBuildFile; fileRef = CE29DBA41B58541C00BCA03B /* User.swift */; };
		CE3B38261B584B3F00090037 /* TeleBot.h in Headers */ = {isa = PBXBuildFile; fileRef = CE3B38251B584B3F00090037 /* TeleBot.h */; settings = {ATTRIBUTES = (Public, ); }; };
		CE3B382D1B584B4000090037 /* TeleBot.framework in Frameworks */ = {isa = PBXBuildFile; fileRef = CE3B38221B584B3F00090037 /* TeleBot.framework */; };
		CE3B38321B584B4000090037 /* TeleBotTests.swift in Sources */ = {isa = PBXBuildFile; fileRef = CE3B38311B584B4000090037 /* TeleBotTests.swift */; };
		CEC40C0C1B5B29CD00F2F9D8 /* Response.swift in Sources */ = {isa = PBXBuildFile; fileRef = CEC40C0B1B5B29CD00F2F9D8 /* Response.swift */; };
		CEC40C131B5B346600F2F9D8 /* Optional+PrettyPrint.swift in Sources */ = {isa = PBXBuildFile; fileRef = CEC40C121B5B346600F2F9D8 /* Optional+PrettyPrint.swift */; };
		CEC40C151B5BC22B00F2F9D8 /* DataTaskError.swift in Sources */ = {isa = PBXBuildFile; fileRef = CEC40C141B5BC22B00F2F9D8 /* DataTaskError.swift */; };
		CED3814A1B5AB0ED00ADFBBF /* Dictionary+HTTP.swift in Sources */ = {isa = PBXBuildFile; fileRef = CED381491B5AB0ED00ADFBBF /* Dictionary+HTTP.swift */; };
		CEDFBF201B5861D600E8928E /* GroupChat.swift in Sources */ = {isa = PBXBuildFile; fileRef = CEDFBF1F1B5861D600E8928E /* GroupChat.swift */; };
		CEDFBF251B5862F700E8928E /* PhotoSize.swift in Sources */ = {isa = PBXBuildFile; fileRef = CEDFBF241B5862F700E8928E /* PhotoSize.swift */; };
		CEDFBF271B5864D700E8928E /* Audio.swift in Sources */ = {isa = PBXBuildFile; fileRef = CEDFBF261B5864D700E8928E /* Audio.swift */; };
		CEDFBF291B58676100E8928E /* UserOrGroupChat.swift in Sources */ = {isa = PBXBuildFile; fileRef = CEDFBF281B58676100E8928E /* UserOrGroupChat.swift */; };
		CEDFBF2B1B58681300E8928E /* Document.swift in Sources */ = {isa = PBXBuildFile; fileRef = CEDFBF2A1B58681300E8928E /* Document.swift */; };
		CEDFBF2D1B586DC500E8928E /* Sticker.swift in Sources */ = {isa = PBXBuildFile; fileRef = CEDFBF2C1B586DC500E8928E /* Sticker.swift */; };
		CEDFBF2F1B586F7B00E8928E /* Video.swift in Sources */ = {isa = PBXBuildFile; fileRef = CEDFBF2E1B586F7B00E8928E /* Video.swift */; };
		CEDFBF311B58709100E8928E /* Contact.swift in Sources */ = {isa = PBXBuildFile; fileRef = CEDFBF301B58709100E8928E /* Contact.swift */; };
		CEDFBF331B58717A00E8928E /* Location.swift in Sources */ = {isa = PBXBuildFile; fileRef = CEDFBF321B58717A00E8928E /* Location.swift */; };
		CEDFBF351B58727600E8928E /* Message.swift in Sources */ = {isa = PBXBuildFile; fileRef = CEDFBF341B58727600E8928E /* Message.swift */; };
		CEDFBF371B587B6000E8928E /* Update.swift in Sources */ = {isa = PBXBuildFile; fileRef = CEDFBF361B587B6000E8928E /* Update.swift */; };
		CEDFBF391B58F30700E8928E /* String+HTTP.swift in Sources */ = {isa = PBXBuildFile; fileRef = CEDFBF381B58F30700E8928E /* String+HTTP.swift */; };
/* End PBXBuildFile section */

/* Begin PBXContainerItemProxy section */
		CE29DB991B584F7B00BCA03B /* PBXContainerItemProxy */ = {
			isa = PBXContainerItemProxy;
			containerPortal = CE29DB921B584F7B00BCA03B /* SwiftyJSON.xcodeproj */;
			proxyType = 2;
			remoteGlobalIDString = 2E4FEFDB19575BE100351305;
			remoteInfo = "SwiftyJSON iOS";
		};
		CE29DB9B1B584F7B00BCA03B /* PBXContainerItemProxy */ = {
			isa = PBXContainerItemProxy;
			containerPortal = CE29DB921B584F7B00BCA03B /* SwiftyJSON.xcodeproj */;
			proxyType = 2;
			remoteGlobalIDString = 2E4FEFE619575BE100351305;
			remoteInfo = "SwiftyJSON iOS Tests";
		};
		CE29DB9D1B584F7B00BCA03B /* PBXContainerItemProxy */ = {
			isa = PBXContainerItemProxy;
			containerPortal = CE29DB921B584F7B00BCA03B /* SwiftyJSON.xcodeproj */;
			proxyType = 2;
			remoteGlobalIDString = 9C7DFC5B1A9102BD005AA3F7;
			remoteInfo = "SwiftyJSON OSX";
		};
		CE29DB9F1B584F7B00BCA03B /* PBXContainerItemProxy */ = {
			isa = PBXContainerItemProxy;
			containerPortal = CE29DB921B584F7B00BCA03B /* SwiftyJSON.xcodeproj */;
			proxyType = 2;
			remoteGlobalIDString = 9C7DFC651A9102BD005AA3F7;
			remoteInfo = "SwiftyJSON OSX Tests";
		};
		CE29DBA71B58563C00BCA03B /* PBXContainerItemProxy */ = {
			isa = PBXContainerItemProxy;
			containerPortal = CE29DB921B584F7B00BCA03B /* SwiftyJSON.xcodeproj */;
			proxyType = 1;
			remoteGlobalIDString = 9C7DFC5A1A9102BD005AA3F7;
			remoteInfo = "SwiftyJSON OSX";
		};
		CE3B382E1B584B4000090037 /* PBXContainerItemProxy */ = {
			isa = PBXContainerItemProxy;
			containerPortal = CE3B38191B584B3F00090037 /* Project object */;
			proxyType = 1;
			remoteGlobalIDString = CE3B38211B584B3F00090037;
			remoteInfo = TeleBot;
		};
/* End PBXContainerItemProxy section */

/* Begin PBXFileReference section */
		CE0ADC191B58585500FCA08C /* TelegramBot.swift */ = {isa = PBXFileReference; fileEncoding = 4; lastKnownFileType = sourcecode.swift; path = TelegramBot.swift; sourceTree = "<group>"; };
		CE0ADC201B58592300FCA08C /* JSON+Utils.swift */ = {isa = PBXFileReference; fileEncoding = 4; lastKnownFileType = sourcecode.swift; path = "JSON+Utils.swift"; sourceTree = "<group>"; };
		CE29DB921B584F7B00BCA03B /* SwiftyJSON.xcodeproj */ = {isa = PBXFileReference; lastKnownFileType = "wrapper.pb-project"; name = SwiftyJSON.xcodeproj; path = ThirdParty/SwiftyJSON/SwiftyJSON.xcodeproj; sourceTree = "<group>"; };
		CE29DBA21B58522E00BCA03B /* LICENSE */ = {isa = PBXFileReference; fileEncoding = 4; lastKnownFileType = text; path = LICENSE; sourceTree = SOURCE_ROOT; };
		CE29DBA41B58541C00BCA03B /* User.swift */ = {isa = PBXFileReference; fileEncoding = 4; lastKnownFileType = sourcecode.swift; name = User.swift; path = Types/User.swift; sourceTree = "<group>"; };
		CE3B38221B584B3F00090037 /* TeleBot.framework */ = {isa = PBXFileReference; explicitFileType = wrapper.framework; includeInIndex = 0; path = TeleBot.framework; sourceTree = BUILT_PRODUCTS_DIR; };
		CE3B38251B584B3F00090037 /* TeleBot.h */ = {isa = PBXFileReference; lastKnownFileType = sourcecode.c.h; path = TeleBot.h; sourceTree = "<group>"; };
		CE3B38271B584B3F00090037 /* Info.plist */ = {isa = PBXFileReference; lastKnownFileType = text.plist.xml; path = Info.plist; sourceTree = "<group>"; };
		CE3B382C1B584B4000090037 /* TeleBotTests.xctest */ = {isa = PBXFileReference; explicitFileType = wrapper.cfbundle; includeInIndex = 0; path = TeleBotTests.xctest; sourceTree = BUILT_PRODUCTS_DIR; };
		CE3B38311B584B4000090037 /* TeleBotTests.swift */ = {isa = PBXFileReference; lastKnownFileType = sourcecode.swift; path = TeleBotTests.swift; sourceTree = "<group>"; };
		CE3B38331B584B4000090037 /* Info.plist */ = {isa = PBXFileReference; lastKnownFileType = text.plist.xml; path = Info.plist; sourceTree = "<group>"; };
		CEC40C0B1B5B29CD00F2F9D8 /* Response.swift */ = {isa = PBXFileReference; fileEncoding = 4; lastKnownFileType = sourcecode.swift; name = Response.swift; path = Types/Response.swift; sourceTree = "<group>"; };
		CEC40C121B5B346600F2F9D8 /* Optional+PrettyPrint.swift */ = {isa = PBXFileReference; fileEncoding = 4; lastKnownFileType = sourcecode.swift; path = "Optional+PrettyPrint.swift"; sourceTree = "<group>"; };
		CEC40C141B5BC22B00F2F9D8 /* DataTaskError.swift */ = {isa = PBXFileReference; fileEncoding = 4; lastKnownFileType = sourcecode.swift; path = DataTaskError.swift; sourceTree = "<group>"; };
		CED381491B5AB0ED00ADFBBF /* Dictionary+HTTP.swift */ = {isa = PBXFileReference; fileEncoding = 4; lastKnownFileType = sourcecode.swift; path = "Dictionary+HTTP.swift"; sourceTree = "<group>"; };
		CEDFBF1F1B5861D600E8928E /* GroupChat.swift */ = {isa = PBXFileReference; fileEncoding = 4; lastKnownFileType = sourcecode.swift; name = GroupChat.swift; path = Types/GroupChat.swift; sourceTree = "<group>"; };
		CEDFBF241B5862F700E8928E /* PhotoSize.swift */ = {isa = PBXFileReference; fileEncoding = 4; lastKnownFileType = sourcecode.swift; name = PhotoSize.swift; path = Types/PhotoSize.swift; sourceTree = "<group>"; };
		CEDFBF261B5864D700E8928E /* Audio.swift */ = {isa = PBXFileReference; fileEncoding = 4; lastKnownFileType = sourcecode.swift; name = Audio.swift; path = Types/Audio.swift; sourceTree = "<group>"; };
		CEDFBF281B58676100E8928E /* UserOrGroupChat.swift */ = {isa = PBXFileReference; fileEncoding = 4; lastKnownFileType = sourcecode.swift; name = UserOrGroupChat.swift; path = Types/UserOrGroupChat.swift; sourceTree = "<group>"; };
		CEDFBF2A1B58681300E8928E /* Document.swift */ = {isa = PBXFileReference; fileEncoding = 4; lastKnownFileType = sourcecode.swift; name = Document.swift; path = Types/Document.swift; sourceTree = "<group>"; };
		CEDFBF2C1B586DC500E8928E /* Sticker.swift */ = {isa = PBXFileReference; fileEncoding = 4; lastKnownFileType = sourcecode.swift; name = Sticker.swift; path = Types/Sticker.swift; sourceTree = "<group>"; };
		CEDFBF2E1B586F7B00E8928E /* Video.swift */ = {isa = PBXFileReference; fileEncoding = 4; lastKnownFileType = sourcecode.swift; name = Video.swift; path = Types/Video.swift; sourceTree = "<group>"; };
		CEDFBF301B58709100E8928E /* Contact.swift */ = {isa = PBXFileReference; fileEncoding = 4; lastKnownFileType = sourcecode.swift; name = Contact.swift; path = Types/Contact.swift; sourceTree = "<group>"; };
		CEDFBF321B58717A00E8928E /* Location.swift */ = {isa = PBXFileReference; fileEncoding = 4; lastKnownFileType = sourcecode.swift; name = Location.swift; path = Types/Location.swift; sourceTree = "<group>"; };
		CEDFBF341B58727600E8928E /* Message.swift */ = {isa = PBXFileReference; fileEncoding = 4; lastKnownFileType = sourcecode.swift; name = Message.swift; path = Types/Message.swift; sourceTree = "<group>"; };
		CEDFBF361B587B6000E8928E /* Update.swift */ = {isa = PBXFileReference; fileEncoding = 4; lastKnownFileType = sourcecode.swift; name = Update.swift; path = Types/Update.swift; sourceTree = "<group>"; };
		CEDFBF381B58F30700E8928E /* String+HTTP.swift */ = {isa = PBXFileReference; fileEncoding = 4; lastKnownFileType = sourcecode.swift; path = "String+HTTP.swift"; sourceTree = "<group>"; };
/* End PBXFileReference section */

/* Begin PBXFrameworksBuildPhase section */
		CE3B381E1B584B3F00090037 /* Frameworks */ = {
			isa = PBXFrameworksBuildPhase;
			buildActionMask = 2147483647;
			files = (
				CE0ADC181B58582900FCA08C /* SwiftyJSON.framework in Frameworks */,
			);
			runOnlyForDeploymentPostprocessing = 0;
		};
		CE3B38291B584B4000090037 /* Frameworks */ = {
			isa = PBXFrameworksBuildPhase;
			buildActionMask = 2147483647;
			files = (
				CE3B382D1B584B4000090037 /* TeleBot.framework in Frameworks */,
			);
			runOnlyForDeploymentPostprocessing = 0;
		};
/* End PBXFrameworksBuildPhase section */

/* Begin PBXGroup section */
		CE0ADC1F1B58592300FCA08C /* Categories */ = {
			isa = PBXGroup;
			children = (
				CE0ADC201B58592300FCA08C /* JSON+Utils.swift */,
				CEDFBF381B58F30700E8928E /* String+HTTP.swift */,
				CED381491B5AB0ED00ADFBBF /* Dictionary+HTTP.swift */,
				CEC40C121B5B346600F2F9D8 /* Optional+PrettyPrint.swift */,
			);
			path = Categories;
			sourceTree = "<group>";
		};
		CE29DB911B584F6E00BCA03B /* ThirdParty */ = {
			isa = PBXGroup;
			children = (
				CE29DB921B584F7B00BCA03B /* SwiftyJSON.xcodeproj */,
			);
			name = ThirdParty;
			sourceTree = "<group>";
		};
		CE29DB931B584F7B00BCA03B /* Products */ = {
			isa = PBXGroup;
			children = (
				CE29DB9A1B584F7B00BCA03B /* SwiftyJSON.framework */,
				CE29DB9C1B584F7B00BCA03B /* SwiftyJSON iOS Tests.xctest */,
				CE29DB9E1B584F7B00BCA03B /* SwiftyJSON.framework */,
				CE29DBA01B584F7B00BCA03B /* SwiftyJSON OSX Tests.xctest */,
			);
			name = Products;
			sourceTree = "<group>";
		};
		CE29DBA11B58519500BCA03B /* Types */ = {
			isa = PBXGroup;
			children = (
				CE29DBA41B58541C00BCA03B /* User.swift */,
				CEDFBF1F1B5861D600E8928E /* GroupChat.swift */,
				CEDFBF341B58727600E8928E /* Message.swift */,
				CEDFBF241B5862F700E8928E /* PhotoSize.swift */,
				CEDFBF261B5864D700E8928E /* Audio.swift */,
				CEDFBF2A1B58681300E8928E /* Document.swift */,
				CEDFBF2C1B586DC500E8928E /* Sticker.swift */,
				CEDFBF2E1B586F7B00E8928E /* Video.swift */,
				CEDFBF301B58709100E8928E /* Contact.swift */,
				CEDFBF321B58717A00E8928E /* Location.swift */,
				CEDFBF361B587B6000E8928E /* Update.swift */,
				CEDFBF281B58676100E8928E /* UserOrGroupChat.swift */,
				CEC40C0B1B5B29CD00F2F9D8 /* Response.swift */,
			);
			name = Types;
			sourceTree = "<group>";
		};
		CE3B38181B584B3F00090037 = {
			isa = PBXGroup;
			children = (
				CE3B38241B584B3F00090037 /* Source */,
				CE3B38301B584B4000090037 /* Tests */,
				CE3B38231B584B3F00090037 /* Products */,
			);
			sourceTree = "<group>";
		};
		CE3B38231B584B3F00090037 /* Products */ = {
			isa = PBXGroup;
			children = (
				CE3B38221B584B3F00090037 /* TeleBot.framework */,
				CE3B382C1B584B4000090037 /* TeleBotTests.xctest */,
			);
			name = Products;
			sourceTree = "<group>";
		};
		CE3B38241B584B3F00090037 /* Source */ = {
			isa = PBXGroup;
			children = (
				CE0ADC1F1B58592300FCA08C /* Categories */,
				CE29DBA11B58519500BCA03B /* Types */,
				CE29DB911B584F6E00BCA03B /* ThirdParty */,
				CE3B38251B584B3F00090037 /* TeleBot.h */,
				CE0ADC191B58585500FCA08C /* TelegramBot.swift */,
				CEC40C141B5BC22B00F2F9D8 /* DataTaskError.swift */,
				CE3B38271B584B3F00090037 /* Info.plist */,
				CE29DBA21B58522E00BCA03B /* LICENSE */,
			);
			path = Source;
			sourceTree = "<group>";
		};
		CE3B38301B584B4000090037 /* Tests */ = {
			isa = PBXGroup;
			children = (
				CE3B38311B584B4000090037 /* TeleBotTests.swift */,
				CE3B38331B584B4000090037 /* Info.plist */,
			);
			path = Tests;
			sourceTree = "<group>";
		};
/* End PBXGroup section */

/* Begin PBXHeadersBuildPhase section */
		CE3B381F1B584B3F00090037 /* Headers */ = {
			isa = PBXHeadersBuildPhase;
			buildActionMask = 2147483647;
			files = (
				CE3B38261B584B3F00090037 /* TeleBot.h in Headers */,
			);
			runOnlyForDeploymentPostprocessing = 0;
		};
/* End PBXHeadersBuildPhase section */

/* Begin PBXNativeTarget section */
		CE3B38211B584B3F00090037 /* TeleBot */ = {
			isa = PBXNativeTarget;
			buildConfigurationList = CE3B38361B584B4000090037 /* Build configuration list for PBXNativeTarget "TeleBot" */;
			buildPhases = (
				CE3B381D1B584B3F00090037 /* Sources */,
				CE3B381E1B584B3F00090037 /* Frameworks */,
				CE3B381F1B584B3F00090037 /* Headers */,
				CE3B38201B584B3F00090037 /* Resources */,
			);
			buildRules = (
			);
			dependencies = (
				CE29DBA81B58563C00BCA03B /* PBXTargetDependency */,
			);
			name = TeleBot;
			productName = TeleBot;
			productReference = CE3B38221B584B3F00090037 /* TeleBot.framework */;
			productType = "com.apple.product-type.framework";
		};
		CE3B382B1B584B4000090037 /* TeleBotTests */ = {
			isa = PBXNativeTarget;
			buildConfigurationList = CE3B38391B584B4000090037 /* Build configuration list for PBXNativeTarget "TeleBotTests" */;
			buildPhases = (
				CE3B38281B584B4000090037 /* Sources */,
				CE3B38291B584B4000090037 /* Frameworks */,
				CE3B382A1B584B4000090037 /* Resources */,
			);
			buildRules = (
			);
			dependencies = (
				CE3B382F1B584B4000090037 /* PBXTargetDependency */,
			);
			name = TeleBotTests;
			productName = TeleBotTests;
			productReference = CE3B382C1B584B4000090037 /* TeleBotTests.xctest */;
			productType = "com.apple.product-type.bundle.unit-test";
		};
/* End PBXNativeTarget section */

/* Begin PBXProject section */
		CE3B38191B584B3F00090037 /* Project object */ = {
			isa = PBXProject;
			attributes = {
				LastSwiftUpdateCheck = 0700;
				LastUpgradeCheck = 0700;
				ORGANIZATIONNAME = "Andrey Fidrya";
				TargetAttributes = {
					CE3B38211B584B3F00090037 = {
						CreatedOnToolsVersion = 7.0;
					};
					CE3B382B1B584B4000090037 = {
						CreatedOnToolsVersion = 7.0;
					};
				};
			};
			buildConfigurationList = CE3B381C1B584B3F00090037 /* Build configuration list for PBXProject "TeleBot" */;
			compatibilityVersion = "Xcode 3.2";
			developmentRegion = English;
			hasScannedForEncodings = 0;
			knownRegions = (
				en,
			);
			mainGroup = CE3B38181B584B3F00090037;
			productRefGroup = CE3B38231B584B3F00090037 /* Products */;
			projectDirPath = "";
			projectReferences = (
				{
					ProductGroup = CE29DB931B584F7B00BCA03B /* Products */;
					ProjectRef = CE29DB921B584F7B00BCA03B /* SwiftyJSON.xcodeproj */;
				},
			);
			projectRoot = "";
			targets = (
				CE3B38211B584B3F00090037 /* TeleBot */,
				CE3B382B1B584B4000090037 /* TeleBotTests */,
			);
		};
/* End PBXProject section */

/* Begin PBXReferenceProxy section */
		CE29DB9A1B584F7B00BCA03B /* SwiftyJSON.framework */ = {
			isa = PBXReferenceProxy;
			fileType = wrapper.framework;
			path = SwiftyJSON.framework;
			remoteRef = CE29DB991B584F7B00BCA03B /* PBXContainerItemProxy */;
			sourceTree = BUILT_PRODUCTS_DIR;
		};
		CE29DB9C1B584F7B00BCA03B /* SwiftyJSON iOS Tests.xctest */ = {
			isa = PBXReferenceProxy;
			fileType = wrapper.cfbundle;
			path = "SwiftyJSON iOS Tests.xctest";
			remoteRef = CE29DB9B1B584F7B00BCA03B /* PBXContainerItemProxy */;
			sourceTree = BUILT_PRODUCTS_DIR;
		};
		CE29DB9E1B584F7B00BCA03B /* SwiftyJSON.framework */ = {
			isa = PBXReferenceProxy;
			fileType = wrapper.framework;
			path = SwiftyJSON.framework;
			remoteRef = CE29DB9D1B584F7B00BCA03B /* PBXContainerItemProxy */;
			sourceTree = BUILT_PRODUCTS_DIR;
		};
		CE29DBA01B584F7B00BCA03B /* SwiftyJSON OSX Tests.xctest */ = {
			isa = PBXReferenceProxy;
			fileType = wrapper.cfbundle;
			path = "SwiftyJSON OSX Tests.xctest";
			remoteRef = CE29DB9F1B584F7B00BCA03B /* PBXContainerItemProxy */;
			sourceTree = BUILT_PRODUCTS_DIR;
		};
/* End PBXReferenceProxy section */

/* Begin PBXResourcesBuildPhase section */
		CE3B38201B584B3F00090037 /* Resources */ = {
			isa = PBXResourcesBuildPhase;
			buildActionMask = 2147483647;
			files = (
				CE29DBA31B58522E00BCA03B /* LICENSE in Resources */,
			);
			runOnlyForDeploymentPostprocessing = 0;
		};
		CE3B382A1B584B4000090037 /* Resources */ = {
			isa = PBXResourcesBuildPhase;
			buildActionMask = 2147483647;
			files = (
			);
			runOnlyForDeploymentPostprocessing = 0;
		};
/* End PBXResourcesBuildPhase section */

/* Begin PBXSourcesBuildPhase section */
		CE3B381D1B584B3F00090037 /* Sources */ = {
			isa = PBXSourcesBuildPhase;
			buildActionMask = 2147483647;
			files = (
				CEC40C131B5B346600F2F9D8 /* Optional+PrettyPrint.swift in Sources */,
				CEDFBF2B1B58681300E8928E /* Document.swift in Sources */,
				CEDFBF271B5864D700E8928E /* Audio.swift in Sources */,
				CEDFBF371B587B6000E8928E /* Update.swift in Sources */,
				CEC40C0C1B5B29CD00F2F9D8 /* Response.swift in Sources */,
				CEDFBF251B5862F700E8928E /* PhotoSize.swift in Sources */,
				CE29DBA51B58541C00BCA03B /* User.swift in Sources */,
				CEDFBF2D1B586DC500E8928E /* Sticker.swift in Sources */,
				CE0ADC211B58592300FCA08C /* JSON+Utils.swift in Sources */,
				CEDFBF311B58709100E8928E /* Contact.swift in Sources */,
				CE0ADC1A1B58585500FCA08C /* TelegramBot.swift in Sources */,
				CEDFBF391B58F30700E8928E /* String+HTTP.swift in Sources */,
				CEDFBF201B5861D600E8928E /* GroupChat.swift in Sources */,
				CED3814A1B5AB0ED00ADFBBF /* Dictionary+HTTP.swift in Sources */,
				CEDFBF351B58727600E8928E /* Message.swift in Sources */,
				CEC40C151B5BC22B00F2F9D8 /* DataTaskError.swift in Sources */,
				CEDFBF291B58676100E8928E /* UserOrGroupChat.swift in Sources */,
				CEDFBF331B58717A00E8928E /* Location.swift in Sources */,
				CEDFBF2F1B586F7B00E8928E /* Video.swift in Sources */,
			);
			runOnlyForDeploymentPostprocessing = 0;
		};
		CE3B38281B584B4000090037 /* Sources */ = {
			isa = PBXSourcesBuildPhase;
			buildActionMask = 2147483647;
			files = (
				CE3B38321B584B4000090037 /* TeleBotTests.swift in Sources */,
			);
			runOnlyForDeploymentPostprocessing = 0;
		};
/* End PBXSourcesBuildPhase section */

/* Begin PBXTargetDependency section */
		CE29DBA81B58563C00BCA03B /* PBXTargetDependency */ = {
			isa = PBXTargetDependency;
			name = "SwiftyJSON OSX";
			targetProxy = CE29DBA71B58563C00BCA03B /* PBXContainerItemProxy */;
		};
		CE3B382F1B584B4000090037 /* PBXTargetDependency */ = {
			isa = PBXTargetDependency;
			target = CE3B38211B584B3F00090037 /* TeleBot */;
			targetProxy = CE3B382E1B584B4000090037 /* PBXContainerItemProxy */;
		};
/* End PBXTargetDependency section */

/* Begin XCBuildConfiguration section */
		CE3B38341B584B4000090037 /* Debug */ = {
			isa = XCBuildConfiguration;
			buildSettings = {
				ALWAYS_SEARCH_USER_PATHS = NO;
				CLANG_CXX_LANGUAGE_STANDARD = "gnu++0x";
				CLANG_CXX_LIBRARY = "libc++";
				CLANG_ENABLE_MODULES = YES;
				CLANG_ENABLE_OBJC_ARC = YES;
				CLANG_WARN_BOOL_CONVERSION = YES;
				CLANG_WARN_CONSTANT_CONVERSION = YES;
				CLANG_WARN_DIRECT_OBJC_ISA_USAGE = YES_ERROR;
				CLANG_WARN_EMPTY_BODY = YES;
				CLANG_WARN_ENUM_CONVERSION = YES;
				CLANG_WARN_INT_CONVERSION = YES;
				CLANG_WARN_OBJC_ROOT_CLASS = YES_ERROR;
				CLANG_WARN_UNREACHABLE_CODE = YES;
				CLANG_WARN__DUPLICATE_METHOD_MATCH = YES;
				COPY_PHASE_STRIP = NO;
				CURRENT_PROJECT_VERSION = 1;
				DEBUG_INFORMATION_FORMAT = dwarf;
				ENABLE_STRICT_OBJC_MSGSEND = YES;
				ENABLE_TESTABILITY = YES;
				GCC_C_LANGUAGE_STANDARD = gnu99;
				GCC_DYNAMIC_NO_PIC = NO;
				GCC_NO_COMMON_BLOCKS = YES;
				GCC_OPTIMIZATION_LEVEL = 0;
				GCC_PREPROCESSOR_DEFINITIONS = (
					"DEBUG=1",
					"$(inherited)",
				);
				GCC_WARN_64_TO_32_BIT_CONVERSION = YES;
				GCC_WARN_ABOUT_RETURN_TYPE = YES_ERROR;
				GCC_WARN_UNDECLARED_SELECTOR = YES;
				GCC_WARN_UNINITIALIZED_AUTOS = YES_AGGRESSIVE;
				GCC_WARN_UNUSED_FUNCTION = YES;
				GCC_WARN_UNUSED_VARIABLE = YES;
				MACOSX_DEPLOYMENT_TARGET = 10.10;
				MTL_ENABLE_DEBUG_INFO = YES;
				ONLY_ACTIVE_ARCH = YES;
				SDKROOT = macosx;
				SWIFT_OPTIMIZATION_LEVEL = "-Onone";
				VERSIONING_SYSTEM = "apple-generic";
				VERSION_INFO_PREFIX = "";
			};
			name = Debug;
		};
		CE3B38351B584B4000090037 /* Release */ = {
			isa = XCBuildConfiguration;
			buildSettings = {
				ALWAYS_SEARCH_USER_PATHS = NO;
				CLANG_CXX_LANGUAGE_STANDARD = "gnu++0x";
				CLANG_CXX_LIBRARY = "libc++";
				CLANG_ENABLE_MODULES = YES;
				CLANG_ENABLE_OBJC_ARC = YES;
				CLANG_WARN_BOOL_CONVERSION = YES;
				CLANG_WARN_CONSTANT_CONVERSION = YES;
				CLANG_WARN_DIRECT_OBJC_ISA_USAGE = YES_ERROR;
				CLANG_WARN_EMPTY_BODY = YES;
				CLANG_WARN_ENUM_CONVERSION = YES;
				CLANG_WARN_INT_CONVERSION = YES;
				CLANG_WARN_OBJC_ROOT_CLASS = YES_ERROR;
				CLANG_WARN_UNREACHABLE_CODE = YES;
				CLANG_WARN__DUPLICATE_METHOD_MATCH = YES;
				COPY_PHASE_STRIP = NO;
				CURRENT_PROJECT_VERSION = 1;
				DEBUG_INFORMATION_FORMAT = "dwarf-with-dsym";
				ENABLE_NS_ASSERTIONS = NO;
				ENABLE_STRICT_OBJC_MSGSEND = YES;
				GCC_C_LANGUAGE_STANDARD = gnu99;
				GCC_NO_COMMON_BLOCKS = YES;
				GCC_WARN_64_TO_32_BIT_CONVERSION = YES;
				GCC_WARN_ABOUT_RETURN_TYPE = YES_ERROR;
				GCC_WARN_UNDECLARED_SELECTOR = YES;
				GCC_WARN_UNINITIALIZED_AUTOS = YES_AGGRESSIVE;
				GCC_WARN_UNUSED_FUNCTION = YES;
				GCC_WARN_UNUSED_VARIABLE = YES;
				MACOSX_DEPLOYMENT_TARGET = 10.10;
				MTL_ENABLE_DEBUG_INFO = NO;
				SDKROOT = macosx;
				VERSIONING_SYSTEM = "apple-generic";
				VERSION_INFO_PREFIX = "";
			};
			name = Release;
		};
		CE3B38371B584B4000090037 /* Debug */ = {
			isa = XCBuildConfiguration;
			buildSettings = {
				CLANG_ENABLE_MODULES = YES;
				COMBINE_HIDPI_IMAGES = YES;
				DEFINES_MODULE = YES;
				DYLIB_COMPATIBILITY_VERSION = 1;
				DYLIB_CURRENT_VERSION = 1;
				DYLIB_INSTALL_NAME_BASE = "@rpath";
				FRAMEWORK_VERSION = A;
				INFOPLIST_FILE = Source/Info.plist;
				INSTALL_PATH = "$(LOCAL_LIBRARY_DIR)/Frameworks";
				LD_RUNPATH_SEARCH_PATHS = "$(inherited) @executable_path/../Frameworks @loader_path/Frameworks";
				PRODUCT_BUNDLE_IDENTIFIER = com.zabiyaka.TeleBot;
				PRODUCT_NAME = "$(TARGET_NAME)";
				SKIP_INSTALL = YES;
				SWIFT_OPTIMIZATION_LEVEL = "-Onone";
			};
			name = Debug;
		};
		CE3B38381B584B4000090037 /* Release */ = {
			isa = XCBuildConfiguration;
			buildSettings = {
				CLANG_ENABLE_MODULES = YES;
				COMBINE_HIDPI_IMAGES = YES;
				DEFINES_MODULE = YES;
				DYLIB_COMPATIBILITY_VERSION = 1;
				DYLIB_CURRENT_VERSION = 1;
				DYLIB_INSTALL_NAME_BASE = "@rpath";
				FRAMEWORK_VERSION = A;
				INFOPLIST_FILE = Source/Info.plist;
				INSTALL_PATH = "$(LOCAL_LIBRARY_DIR)/Frameworks";
				LD_RUNPATH_SEARCH_PATHS = "$(inherited) @executable_path/../Frameworks @loader_path/Frameworks";
				PRODUCT_BUNDLE_IDENTIFIER = com.zabiyaka.TeleBot;
				PRODUCT_NAME = "$(TARGET_NAME)";
				SKIP_INSTALL = YES;
			};
			name = Release;
		};
		CE3B383A1B584B4000090037 /* Debug */ = {
			isa = XCBuildConfiguration;
			buildSettings = {
				COMBINE_HIDPI_IMAGES = YES;
				INFOPLIST_FILE = Tests/Info.plist;
				LD_RUNPATH_SEARCH_PATHS = "$(inherited) @executable_path/../Frameworks @loader_path/../Frameworks";
				PRODUCT_BUNDLE_IDENTIFIER = com.zabiyaka.TeleBotTests;
				PRODUCT_NAME = "$(TARGET_NAME)";
			};
			name = Debug;
		};
		CE3B383B1B584B4000090037 /* Release */ = {
			isa = XCBuildConfiguration;
			buildSettings = {
				COMBINE_HIDPI_IMAGES = YES;
				INFOPLIST_FILE = Tests/Info.plist;
				LD_RUNPATH_SEARCH_PATHS = "$(inherited) @executable_path/../Frameworks @loader_path/../Frameworks";
				PRODUCT_BUNDLE_IDENTIFIER = com.zabiyaka.TeleBotTests;
				PRODUCT_NAME = "$(TARGET_NAME)";
			};
			name = Release;
		};
/* End XCBuildConfiguration section */

/* Begin XCConfigurationList section */
		CE3B381C1B584B3F00090037 /* Build configuration list for PBXProject "TeleBot" */ = {
			isa = XCConfigurationList;
			buildConfigurations = (
				CE3B38341B584B4000090037 /* Debug */,
				CE3B38351B584B4000090037 /* Release */,
			);
			defaultConfigurationIsVisible = 0;
			defaultConfigurationName = Release;
		};
		CE3B38361B584B4000090037 /* Build configuration list for PBXNativeTarget "TeleBot" */ = {
			isa = XCConfigurationList;
			buildConfigurations = (
				CE3B38371B584B4000090037 /* Debug */,
				CE3B38381B584B4000090037 /* Release */,
			);
			defaultConfigurationIsVisible = 0;
			defaultConfigurationName = Release;
		};
		CE3B38391B584B4000090037 /* Build configuration list for PBXNativeTarget "TeleBotTests" */ = {
			isa = XCConfigurationList;
			buildConfigurations = (
				CE3B383A1B584B4000090037 /* Debug */,
				CE3B383B1B584B4000090037 /* Release */,
			);
			defaultConfigurationIsVisible = 0;
			defaultConfigurationName = Release;
		};
/* End XCConfigurationList section */
	};
	rootObject = CE3B38191B584B3F00090037 /* Project object */;
}
